# THIS IS AN AUTOGENERATED FILE. DO NOT EDIT THIS FILE DIRECTLY.
# yarn lockfile v1


"@bbc/gel-foundations@^6.1.2":
  version "6.1.2"
  resolved "https://registry.yarnpkg.com/@bbc/gel-foundations/-/gel-foundations-6.1.2.tgz#123d3300fb491d19ad9e7d8da41140c66d401e18"
  integrity sha512-xY8Zd7YGPUoZgf9pBTDApMqT8karak5SoOzpcWWmbKo0KNfrumnW3NIsTcI8utcN6TUGJn7gItouRpbzXWQPnA==

"js-tokens@^3.0.0 || ^4.0.0":
  version "4.0.0"
  resolved "https://registry.yarnpkg.com/js-tokens/-/js-tokens-4.0.0.tgz#19203fb59991df98e3a287050d4647cdeaf32499"
  integrity sha512-RdJUflcE3cUzKiMqQgsCu06FPu9UdIJO0beYbPhHN4k6apgJtifcoCtT9bcxOpYBtpD2kCM6Sbzg4CausW/PKQ==

loose-envify@^1.4.0:
  version "1.4.0"
  resolved "https://registry.yarnpkg.com/loose-envify/-/loose-envify-1.4.0.tgz#71ee51fa7be4caec1a63839f7e682d8132d30caf"
  integrity sha512-lyuxPGr/Wfhrlem2CL/UcnUc1zcqKAImBDzukY7Y5F/yQiNdko6+fRLevlw1HgMySw7f611UIY408EtxRSoK3Q==
  dependencies:
    js-tokens "^3.0.0 || ^4.0.0"

object-assign@^4.1.1:
  version "4.1.1"
  resolved "https://registry.yarnpkg.com/object-assign/-/object-assign-4.1.1.tgz#2109adc7965887cfc05cbbd442cac8bfbb360863"
  integrity sha1-IQmtx5ZYh8/AXLvUQsrIv7s2CGM=

prop-types@^15.7.2:
  version "15.7.2"
  resolved "https://registry.yarnpkg.com/prop-types/-/prop-types-15.7.2.tgz#52c41e75b8c87e72b9d9360e0206b99dcbffa6c5"
  integrity sha512-8QQikdH7//R2vurIJSutZ1smHYTcLpRWEOlHnzcWHmBYrOGUysKwSsrC89BCiFj3CbrfJ/nXFdJepOVrY1GCHQ==
  dependencies:
    loose-envify "^1.4.0"
    object-assign "^4.1.1"
    react-is "^16.8.1"

react-fast-compare@^2.0.4:
  version "2.0.4"
  resolved "https://registry.yarnpkg.com/react-fast-compare/-/react-fast-compare-2.0.4.tgz#e84b4d455b0fec113e0402c329352715196f81f9"
  integrity sha512-suNP+J1VU1MWFKcyt7RtjiSWUjvidmQSlqu+eHslq+342xCbGTYmC0mEhPCOHxlW0CywylOC1u2DFAT+bv4dBw==

react-helmet@^6.0.0:
  version "6.0.0"
  resolved "https://registry.yarnpkg.com/react-helmet/-/react-helmet-6.0.0.tgz#fcb93ebaca3ba562a686eb2f1f9d46093d83b5f8"
  integrity sha512-My6S4sa0uHN/IuVUn0HFmasW5xj9clTkB9qmMngscVycQ5vVG51Qp44BEvLJ4lixupTwDlU9qX1/sCrMN4AEPg==
  dependencies:
    object-assign "^4.1.1"
    prop-types "^15.7.2"
    react-fast-compare "^2.0.4"
    react-side-effect "^2.1.0"

react-is@^16.8.1:
  version "16.13.1"
  resolved "https://registry.yarnpkg.com/react-is/-/react-is-16.13.1.tgz#789729a4dc36de2999dc156dd6c1d9c18cea56a4"
  integrity sha512-24e6ynE2H+OKt4kqsOvNd8kBpV65zoxbA4BVsEOB3ARVWQki/DHzaUoC5KuON/BiccDaCCTZBuOcfZs70kR8bQ==

react-side-effect@^2.1.0:
  version "2.1.0"
  resolved "https://registry.yarnpkg.com/react-side-effect/-/react-side-effect-2.1.0.tgz#1ce4a8b4445168c487ed24dab886421f74d380d3"
  integrity sha512-IgmcegOSi5SNX+2Snh1vqmF0Vg/CbkycU9XZbOHJlZ6kMzTmi3yc254oB1WCkgA7OQtIAoLmcSFuHTc/tlcqXg==
