{
  "name": "@bbc/psammead-story-promo",
  "version": "2.7.10",
  "lockfileVersion": 1,
  "requires": true,
  "dependencies": {
    "@bbc/gel-foundations": {
      "version": "3.3.3",
      "resolved": "https://registry.npmjs.org/@bbc/gel-foundations/-/gel-foundations-3.3.3.tgz",
      "integrity": "sha512-Xq/nrWE0W6s+Q+wBH3600p9K9cCYQAWKT3eLm8eH7+LQO9EgbqOHFrjw8Kd9paa57k3k/YHX1naBPrRMJANrOQ=="
    },
    "@bbc/psammead-styles": {
      "version": "2.1.4",
      "resolved": "https://registry.npmjs.org/@bbc/psammead-styles/-/psammead-styles-2.1.4.tgz",
      "integrity": "sha512-6qhwrfwQo8XkmfZMs3aexwbgSsvRZczp1CCLXris6y+i/y15lwEDYPFLhrZFXyzVdfDlsrQKk8pvwRxb5EDJCw=="
    }
  }
}
