{
  "name": "@bbc/psammead-story-promo-list",
  "version": "6.0.1",
  "lockfileVersion": 1,
  "requires": true,
  "dependencies": {
    "@bbc/gel-foundations": {
      "version": "5.0.1",
      "resolved": "https://registry.npmjs.org/@bbc/gel-foundations/-/gel-foundations-5.0.1.tgz",
      "integrity": "sha512-NN4+0UiAvbFE/cxXH80Tq9R7BB+y25U70L6/03JhyGI8zPd2pj90G9MJPIKDoUNHMKwiIqbivM51dR5rlh7RBQ=="
    },
    "@bbc/psammead-styles": {
      "version": "6.0.1",
      "resolved": "https://registry.npmjs.org/@bbc/psammead-styles/-/psammead-styles-6.0.1.tgz",
      "integrity": "sha512-IFPIzSGP4KOVTn8zoYOQzWEYsccjns0JmEWR0bDok8xyFGGK0IVGaKRN+Ybtk9GVE1gwYASHGWKmU9Bhh+P0kA=="
    }
  }
}
