{
  "name": "@bbc/psammead-story-promo-list",
  "version": "5.0.0-alpha.0",
  "lockfileVersion": 1,
  "requires": true,
  "dependencies": {
    "@bbc/gel-foundations": {
      "version": "4.3.0",
      "resolved": "https://registry.npmjs.org/@bbc/gel-foundations/-/gel-foundations-4.3.0.tgz",
      "integrity": "sha512-KyEDfA8ibVK6ZKhBABa+RLEkCNq7ixHxmJyz4pQwA+cqsqyW2F49CCZ6dNsHJ65HCfHa2k55rzvwnQAP21IP2Q=="
    },
    "@bbc/psammead-styles": {
      "version": "5.0.1-alpha.0",
      "resolved": "https://registry.npmjs.org/@bbc/psammead-styles/-/psammead-styles-5.0.1-alpha.0.tgz",
      "integrity": "sha512-XzgCxes/cwiERw/t37WfouNsVG3yqsYG5+9+0WIJLZCrBplSnMGx9ByPQVpF+4vj0yIkYfnh3TInSPWac+D/Yw=="
    }
  }
}
