# THIS IS AN AUTOGENERATED FILE. DO NOT EDIT THIS FILE DIRECTLY.
# yarn lockfile v1


axios@0.21.1:
  version "0.21.1"
  resolved "https://registry.yarnpkg.com/axios/-/axios-0.21.1.tgz#22563481962f4d6bde9a76d516ef0e5d3c09b2b8"
  integrity sha512-dKQiRHxGD9PPRIUNIWvZhPTPpl1rf/OxTYKsqKUDjBwYylTvV7SjSHJb9ratfyzM6wCdLCOYLzs73qpg5c4iGA==
  dependencies:
    follow-redirects "^1.10.0"

commondir@^1.0.1:
  version "1.0.1"
  resolved "https://registry.yarnpkg.com/commondir/-/commondir-1.0.1.tgz#ddd800da0c66127393cca5950ea968a3aaf1253b"
  integrity sha1-3dgA2gxmEnOTzKWVDqloo6rxJTs=

find-cache-dir@^3.0.0:
  version "3.3.1"
  resolved "https://registry.yarnpkg.com/find-cache-dir/-/find-cache-dir-3.3.1.tgz#89b33fad4a4670daa94f855f7fbe31d6d84fe880"
  integrity sha512-t2GDMt3oGC/v+BMwzmllWDuJF/xcDtE5j/fCGbqDD7OLuJkj0cfh1YSA5VKPvwMeLFLNDBkwOKZ2X85jGLVftQ==
  dependencies:
    commondir "^1.0.1"
    make-dir "^3.0.2"
    pkg-dir "^4.1.0"

find-up@^4.0.0:
  version "4.1.0"
  resolved "https://registry.yarnpkg.com/find-up/-/find-up-4.1.0.tgz#97afe7d6cdc0bc5928584b7c8d7b16e8a9aa5d19"
  integrity sha512-PpOwAdQ/YlXQ2vj8a3h8IipDuYRi3wceVQQGYWxNINccq40Anw7BlsEXCMbt1Zt+OLA6Fq9suIpIWD0OsnISlw==
  dependencies:
    locate-path "^5.0.0"
    path-exists "^4.0.0"

follow-redirects@^1.10.0:
  version "1.13.2"
  resolved "https://registry.yarnpkg.com/follow-redirects/-/follow-redirects-1.13.2.tgz#dd73c8effc12728ba5cf4259d760ea5fb83e3147"
  integrity sha512-6mPTgLxYm3r6Bkkg0vNM0HTjfGrOEtsfbhagQvbxDEsEkpNhw582upBaoRZylzen6krEmxXJgt9Ju6HiI4O7BA==

growly@^1.3.0:
  version "1.3.0"
  resolved "https://registry.yarnpkg.com/growly/-/growly-1.3.0.tgz#f10748cbe76af964b7c96c93c6bcc28af120c081"
  integrity sha1-8QdIy+dq+WS3yWyTxrzCivEgwIE=

is-docker@^2.0.0:
  version "2.1.1"
  resolved "https://registry.yarnpkg.com/is-docker/-/is-docker-2.1.1.tgz#4125a88e44e450d384e09047ede71adc2d144156"
  integrity sha512-ZOoqiXfEwtGknTiuDEy8pN2CfE3TxMHprvNer1mXiqwkOT77Rw3YVrUQ52EqAOU3QAWDQ+bQdx7HJzrv7LS2Hw==

is-wsl@^2.2.0:
  version "2.2.0"
  resolved "https://registry.yarnpkg.com/is-wsl/-/is-wsl-2.2.0.tgz#74a4c76e77ca9fd3f932f290c17ea326cd157271"
  integrity sha512-fKzAra0rGJUUBwGBgNkHZuToZcn+TtXHpeCgmkMJMMYx1sQDYaCSyjJBSCa2nH1DGm7s3n1oBnohoVTBaN7Lww==
  dependencies:
    is-docker "^2.0.0"

isexe@^2.0.0:
  version "2.0.0"
  resolved "https://registry.yarnpkg.com/isexe/-/isexe-2.0.0.tgz#e8fbf374dc556ff8947a10dcb0572d633f2cfa10"
  integrity sha1-6PvzdNxVb/iUehDcsFctYz8s+hA=

locate-path@^5.0.0:
  version "5.0.0"
  resolved "https://registry.yarnpkg.com/locate-path/-/locate-path-5.0.0.tgz#1afba396afd676a6d42504d0a67a3a7eb9f62aa0"
  integrity sha512-t7hw9pI+WvuwNJXwk5zVHpyhIqzg2qTlklJOf0mVxGSbe3Fp2VieZcduNYjaLDoy6p9uGpQEGWG87WpMKlNq8g==
  dependencies:
    p-locate "^4.1.0"

lodash@4.17.21:
  version "4.17.21"
  resolved "https://registry.yarnpkg.com/lodash/-/lodash-4.17.21.tgz#679591c564c3bffaae8454cf0b3df370c3d6911c"
  integrity sha512-v2kDEe57lecTulaDIuNTPy3Ry4gLGJ6Z1O3vE1krgXZNrsQ+LFTGHVxVjcXPs17LhbZVGedAJv8XZ1tvj5FvSg==

lru-cache@^6.0.0:
  version "6.0.0"
  resolved "https://registry.yarnpkg.com/lru-cache/-/lru-cache-6.0.0.tgz#6d6fe6570ebd96aaf90fcad1dafa3b2566db3a94"
  integrity sha512-Jo6dJ04CmSjuznwJSS3pUeWmd/H0ffTlkXXgwZi+eq1UCmqQwCh+eLsYOYCwY991i2Fah4h1BEMCx4qThGbsiA==
  dependencies:
    yallist "^4.0.0"

make-dir@^3.0.2:
  version "3.0.2"
  resolved "https://registry.yarnpkg.com/make-dir/-/make-dir-3.0.2.tgz#04a1acbf22221e1d6ef43559f43e05a90dbb4392"
  integrity sha512-rYKABKutXa6vXTXhoV18cBE7PaewPXHe/Bdq4v+ZLMhxbWApkFFplT0LcbMW+6BbjnQXzZ/sAvSE/JdguApG5w==
  dependencies:
    semver "^6.0.0"

minimist@^1.2.5:
  version "1.2.5"
  resolved "https://registry.yarnpkg.com/minimist/-/minimist-1.2.5.tgz#67d66014b66a6a8aaa0c083c5fd58df4e4e97602"
  integrity sha512-FM9nNUYrRBAELZQT3xeZQ7fmMOBg6nWNmJKTcgsJeaLstP/UODVpGsr5OhXhhXg6f+qtJ8uiZ+PUxkDWcgIXLw==

mkdirp@^0.5.3:
  version "0.5.4"
  resolved "https://registry.yarnpkg.com/mkdirp/-/mkdirp-0.5.4.tgz#fd01504a6797ec5c9be81ff43d204961ed64a512"
  integrity sha512-iG9AK/dJLtJ0XNgTuDbSyNS3zECqDlAhnQW4CsNxBG3LQJBbHmRX1egw39DmtOdCAqY+dKXV+sgPgilNWUKMVw==
  dependencies:
    minimist "^1.2.5"

moment-timezone@^0.5.26:
  version "0.5.28"
  resolved "https://registry.yarnpkg.com/moment-timezone/-/moment-timezone-0.5.28.tgz#f093d789d091ed7b055d82aa81a82467f72e4338"
  integrity sha512-TDJkZvAyKIVWg5EtVqRzU97w0Rb0YVbfpqyjgu6GwXCAohVRqwZjf4fOzDE6p1Ch98Sro/8hQQi65WDXW5STPw==
  dependencies:
    moment ">= 2.9.0"

moment@2.24.0, "moment@>= 2.9.0":
  version "2.24.0"
  resolved "https://registry.yarnpkg.com/moment/-/moment-2.24.0.tgz#0d055d53f5052aa653c9f6eb68bb5d12bf5c2b5b"
  integrity sha512-bV7f+6l2QigeBBZSM/6yTNq4P2fNpSWj/0e7jQcy87A8e7o2nAfP/34/2ky5Vw4B9S446EtIhodAzkFCcR4dQg==

node-notifier@8.0.1:
  version "8.0.1"
  resolved "https://registry.yarnpkg.com/node-notifier/-/node-notifier-8.0.1.tgz#f86e89bbc925f2b068784b31f382afdc6ca56be1"
  integrity sha512-BvEXF+UmsnAfYfoapKM9nGxnP+Wn7P91YfXmrKnfcYCx6VBeoN5Ez5Ogck6I8Bi5k4RlpqRYaw75pAwzX9OphA==
  dependencies:
    growly "^1.3.0"
    is-wsl "^2.2.0"
    semver "^7.3.2"
    shellwords "^0.1.1"
    uuid "^8.3.0"
    which "^2.0.2"

object-hash@^1.3.1:
  version "1.3.1"
  resolved "https://registry.yarnpkg.com/object-hash/-/object-hash-1.3.1.tgz#fde452098a951cb145f039bb7d455449ddc126df"
  integrity sha512-OSuu/pU4ENM9kmREg0BdNrUDIl1heYa4mBZacJc+vVWz4GtAwu7jO8s4AIt2aGRUTqxykpWzI3Oqnsm13tTMDA==

p-limit@^2.2.0:
  version "2.2.2"
  resolved "https://registry.yarnpkg.com/p-limit/-/p-limit-2.2.2.tgz#61279b67721f5287aa1c13a9a7fbbc48c9291b1e"
  integrity sha512-WGR+xHecKTr7EbUEhyLSh5Dube9JtdiG78ufaeLxTgpudf/20KqyMioIUZJAezlTIi6evxuoUs9YXc11cU+yzQ==
  dependencies:
    p-try "^2.0.0"

p-locate@^4.1.0:
  version "4.1.0"
  resolved "https://registry.yarnpkg.com/p-locate/-/p-locate-4.1.0.tgz#a3428bb7088b3a60292f66919278b7c297ad4f07"
  integrity sha512-R79ZZ/0wAxKGu3oYMlz8jy/kbhsNrS7SKZ7PxEHBgJ5+F2mtFW2fK2cOtBh1cHYkQsbzFV7I+EoRKe6Yt0oK7A==
  dependencies:
    p-limit "^2.2.0"

p-try@^2.0.0:
  version "2.2.0"
  resolved "https://registry.yarnpkg.com/p-try/-/p-try-2.2.0.tgz#cb2868540e313d61de58fafbe35ce9004d5540e6"
  integrity sha512-R4nPAVTAU0B9D35/Gk3uJf/7XYbQcyohSKdvAxIRSNghFl4e71hVoGnBNQz9cWaXxO2I10KTC+3jMdvvoKw6dQ==

path-exists@^4.0.0:
  version "4.0.0"
  resolved "https://registry.yarnpkg.com/path-exists/-/path-exists-4.0.0.tgz#513bdbe2d3b95d7762e8c1137efa195c6c61b5b3"
  integrity sha512-ak9Qy5Q7jYb2Wwcey5Fpvg2KoAc/ZIhLSLOSBmRmygPsGwkVVt0fZa0qrtMz+m6tJTAHfZQ8FnmB4MG4LWy7/w==

pkg-dir@^4.1.0:
  version "4.2.0"
  resolved "https://registry.yarnpkg.com/pkg-dir/-/pkg-dir-4.2.0.tgz#f099133df7ede422e81d1d8448270eeb3e4261f3"
  integrity sha512-HRDzbaKjC+AOWVXxAU/x54COGeIv9eb+6CkDSQoNTt4XyWoIJvuPsXizxu/Fr23EiekbtZwmh1IcIG/l/a10GQ==
  dependencies:
    find-up "^4.0.0"

semver@^6.0.0:
  version "6.3.0"
  resolved "https://registry.yarnpkg.com/semver/-/semver-6.3.0.tgz#ee0a64c8af5e8ceea67687b133761e1becbd1d3d"
  integrity sha512-b39TBaTSfV6yBrapU89p5fKekE2m/NwnDocOVruQFS1/veMgdzuPcnOM34M6CwxW8jH/lxEa5rBoDeUwu5HHTw==

semver@^7.3.2:
  version "7.3.4"
  resolved "https://registry.yarnpkg.com/semver/-/semver-7.3.4.tgz#27aaa7d2e4ca76452f98d3add093a72c943edc97"
  integrity sha512-tCfb2WLjqFAtXn4KEdxIhalnRtoKFN7nAwj0B3ZXCbQloV2tq5eDbcTmT68JJD3nRJq24/XgxtQKFIpQdtvmVw==
  dependencies:
    lru-cache "^6.0.0"

shellwords@^0.1.1:
  version "0.1.1"
  resolved "https://registry.yarnpkg.com/shellwords/-/shellwords-0.1.1.tgz#d6b9181c1a48d397324c84871efbcfc73fc0654b"
  integrity sha512-vFwSUfQvqybiICwZY5+DAWIPLKsWO31Q91JSKl3UYv+K5c2QRPzn0qzec6QPu1Qc9eHYItiP3NdJqNVqetYAww==

uuid@^8.3.0:
  version "8.3.2"
  resolved "https://registry.yarnpkg.com/uuid/-/uuid-8.3.2.tgz#80d5b5ced271bb9af6c445f21a1a04c606cefbe2"
  integrity sha512-+NYs2QeMWy+GWFOEm9xnn6HCDp0l7QBD7ml8zLUmJ+93Q5NF0NocErnwkTkXVFNiX3/fpC6afS8Dhb/gz7R7eg==

which@^2.0.2:
  version "2.0.2"
  resolved "https://registry.yarnpkg.com/which/-/which-2.0.2.tgz#7c6a8dd0a636a0327e10b59c9286eee93f3f51b1"
  integrity sha512-BLI3Tl1TW3Pvl70l3yq3Y64i+awpwXqsGBYWkkqMtnbXgrMD+yj7rhW0kuEDxzJaYXGjEW5ogapKNMEKNMjibA==
  dependencies:
    isexe "^2.0.0"

yallist@^4.0.0:
  version "4.0.0"
  resolved "https://registry.yarnpkg.com/yallist/-/yallist-4.0.0.tgz#9bb92790d9c0effec63be73519e11a35019a3a72"
  integrity sha512-3wdGidZyq5PB084XLES5TpOSRA3wjXAlIWMhum2kRcv/41Sn2emQ0dycQW4uZXLejwKvg6EsvbdlVL+FYEct7A==
