{
  "name": "@bbc/psammead-brand",
  "version": "4.3.3",
  "lockfileVersion": 1,
  "requires": true,
  "dependencies": {
    "@bbc/gel-foundations": {
      "version": "3.3.1",
      "resolved": "https://registry.npmjs.org/@bbc/gel-foundations/-/gel-foundations-3.3.1.tgz",
      "integrity": "sha512-1XHJcI8jTq2mS3hqGfDVIJ/PO651lf/HzUsehP/q0ayeKnLa1EtrsF/uAg1d/6zPLX5Wt4trvGo++BWlOC/IYw=="
    },
    "@bbc/psammead-styles": {
      "version": "2.1.1",
      "resolved": "https://registry.npmjs.org/@bbc/psammead-styles/-/psammead-styles-2.1.1.tgz",
      "integrity": "sha512-nnuMY7PxILxKaTIKcbKzTeQ+wpWRhB74+jb8c2Es802N41Tm88o/xlWMmtWFF1vic1MOvm1kWwlf/v8dh8RAzQ=="
    },
    "@bbc/psammead-visually-hidden-text": {
      "version": "1.2.1",
      "resolved": "https://registry.npmjs.org/@bbc/psammead-visually-hidden-text/-/psammead-visually-hidden-text-1.2.1.tgz",
      "integrity": "sha512-lff3oX8H1RAcYcm7ld+A4Jnfab398xK0/JpCyYnW0UjVBxOa1y+Cmr5gz+MDTMJvbHjS4hQrACIVjgoG5n5b2Q=="
    }
  }
}
