{
  "name": "@bbc/psammead-brand",
  "version": "5.1.0-alpha.7",
  "lockfileVersion": 1,
  "requires": true,
  "dependencies": {
    "@bbc/gel-foundations": {
      "version": "3.4.1",
      "resolved": "https://registry.npmjs.org/@bbc/gel-foundations/-/gel-foundations-3.4.1.tgz",
      "integrity": "sha512-twwL0UcFrvq9w3O92PvkJRo+wThLqWLrxgFxxn8kwR1pni1wS6lhr3IwUPym4juS2hlTy/5C0/QiycB05IQhLg=="
    },
    "@bbc/psammead-script-link": {
      "version": "1.0.0-alpha.9",
      "resolved": "https://registry.npmjs.org/@bbc/psammead-script-link/-/psammead-script-link-1.0.0-alpha.9.tgz",
      "integrity": "sha512-D6tHR2iDW/Rm4jJDZFdbY62w2C3nfw8mfpsDODmmkVUPCnBBFuvWVhsSYyU94b/DoZtq2nAPQtTxXuCTBJi3gA==",
      "dev": true,
      "requires": {
        "@bbc/gel-foundations": "^3.4.1",
        "@bbc/psammead-styles": "^4.1.0"
      }
    },
    "@bbc/psammead-styles": {
      "version": "4.1.1",
      "resolved": "https://registry.npmjs.org/@bbc/psammead-styles/-/psammead-styles-4.1.1.tgz",
      "integrity": "sha512-P0OTkA2KcpyLTRYwW0s4fj6I2F9mB4H/9g0GpIbFtvoR3PrI3se12lYKCtNx/QCAVjIlyNiwJNJ43RkBnS87Fg==",
      "dev": true
    },
    "@bbc/psammead-visually-hidden-text": {
      "version": "1.2.3",
      "resolved": "https://registry.npmjs.org/@bbc/psammead-visually-hidden-text/-/psammead-visually-hidden-text-1.2.3.tgz",
      "integrity": "sha512-UtqVzp0onMnPvhxdOzTR6ej3UoAXzHMfIETZIo/HEOlbb0/V077MVulhBdZajBTJAwgqfZQTF+na1cC6vxMrDA=="
    }
  }
}
