{
  "name": "@bbc/psammead-brand",
  "version": "5.1.0-alpha.10",
  "lockfileVersion": 1,
  "requires": true,
  "dependencies": {
    "@bbc/gel-foundations": {
      "version": "3.4.1",
      "resolved": "https://registry.npmjs.org/@bbc/gel-foundations/-/gel-foundations-3.4.1.tgz",
      "integrity": "sha512-twwL0UcFrvq9w3O92PvkJRo+wThLqWLrxgFxxn8kwR1pni1wS6lhr3IwUPym4juS2hlTy/5C0/QiycB05IQhLg=="
    },
    "@bbc/psammead-script-link": {
      "version": "1.0.0",
      "resolved": "https://registry.npmjs.org/@bbc/psammead-script-link/-/psammead-script-link-1.0.0.tgz",
      "integrity": "sha512-deGOWJLxQIPt6W5u+aqZRJvdpmu7AJqvOGInF4+Q2uYVSQVN3Ji/D9crNEdv9qK0si/AR9D0mfP8DAcpzzfi2Q==",
      "dev": true,
      "requires": {
        "@bbc/gel-foundations": "^3.4.1",
        "@bbc/psammead-styles": "^4.1.2"
      }
    },
    "@bbc/psammead-styles": {
      "version": "4.1.2",
      "resolved": "https://registry.npmjs.org/@bbc/psammead-styles/-/psammead-styles-4.1.2.tgz",
      "integrity": "sha512-uTbY50dJueJnJbU/n7XArN4HzM4mtGaG82nWw1BAjuuaR0q9h5MLP3Rt4NsUslZiKl09yUnqp/dFySJNi9mWZQ==",
      "dev": true
    },
    "@bbc/psammead-visually-hidden-text": {
      "version": "1.2.3",
      "resolved": "https://registry.npmjs.org/@bbc/psammead-visually-hidden-text/-/psammead-visually-hidden-text-1.2.3.tgz",
      "integrity": "sha512-UtqVzp0onMnPvhxdOzTR6ej3UoAXzHMfIETZIo/HEOlbb0/V077MVulhBdZajBTJAwgqfZQTF+na1cC6vxMrDA=="
    }
  }
}
