# THIS IS AN AUTOGENERATED FILE. DO NOT EDIT THIS FILE DIRECTLY.
# yarn lockfile v1


"@bbc/gel-foundations@^4.3.0":
  version "4.3.0"
  resolved "https://registry.yarnpkg.com/@bbc/gel-foundations/-/gel-foundations-4.3.0.tgz#093da9b309af554a349e73e0fd0de6ac609705ca"
  integrity sha512-KyEDfA8ibVK6ZKhBABa+RLEkCNq7ixHxmJyz4pQwA+cqsqyW2F49CCZ6dNsHJ65HCfHa2k55rzvwnQAP21IP2Q==

"@bbc/psammead-script-link@^1.0.21":
  version "1.0.21"
  resolved "https://registry.yarnpkg.com/@bbc/psammead-script-link/-/psammead-script-link-1.0.21.tgz#c8f8f7de2154e118951b03b532a4f64e50b41d89"
  integrity sha512-IvoflD6U7b8ZvM3xXvm4NhU1J8YiJ/AXCv0Z0q6ixySfY33U3UPCAHD/x1Q2Cycd3q4Uarco3LnWBHlEx3f4bQ==
  dependencies:
    "@bbc/gel-foundations" "^4.3.0"
    "@bbc/psammead-styles" "^4.4.3"

"@bbc/psammead-styles@^4.4.3":
  version "4.4.3"
  resolved "https://registry.yarnpkg.com/@bbc/psammead-styles/-/psammead-styles-4.4.3.tgz#4f92d57f45a513be5c4e6507d323e8ee976005ca"
  integrity sha512-KxtxY3m03wcQIv4l75VdutPFAGySVocrvTiYX+TLeoB32ENU1Leke7stkkkEWj5CfVLdCHksCG/OAHX0239cUw==

"@bbc/psammead-visually-hidden-text@^1.3.0":
  version "1.3.0"
  resolved "https://registry.yarnpkg.com/@bbc/psammead-visually-hidden-text/-/psammead-visually-hidden-text-1.3.0.tgz#4dc7dc6dad6fc94a430e1539d093ab5b75bd4e36"
  integrity sha512-Bej+ZZDezk7Mw4zRRFfSwtt/l/Oyny9e9Upd3WDbaWNhwiJUg/PVrhCBQB1j/WPx/hcZLC0IcOyto1ybnzD+eA==
