{
  "name": "@bbc/psammead-consent-banner",
  "version": "2.3.2",
  "lockfileVersion": 1,
  "requires": true,
  "dependencies": {
    "@bbc/gel-foundations": {
      "version": "3.3.1",
      "resolved": "https://registry.npmjs.org/@bbc/gel-foundations/-/gel-foundations-3.3.1.tgz",
      "integrity": "sha512-1XHJcI8jTq2mS3hqGfDVIJ/PO651lf/HzUsehP/q0ayeKnLa1EtrsF/uAg1d/6zPLX5Wt4trvGo++BWlOC/IYw=="
    },
    "@bbc/psammead-styles": {
      "version": "2.1.1",
      "resolved": "https://registry.npmjs.org/@bbc/psammead-styles/-/psammead-styles-2.1.1.tgz",
      "integrity": "sha512-nnuMY7PxILxKaTIKcbKzTeQ+wpWRhB74+jb8c2Es802N41Tm88o/xlWMmtWFF1vic1MOvm1kWwlf/v8dh8RAzQ=="
    }
  }
}
