{
  "name": "@bbc/psammead-consent-banner",
  "version": "5.3.3",
  "lockfileVersion": 1,
  "requires": true,
  "dependencies": {
    "@bbc/gel-foundations": {
      "version": "6.1.1",
      "resolved": "https://registry.npmjs.org/@bbc/gel-foundations/-/gel-foundations-6.1.1.tgz",
      "integrity": "sha512-IDJxmb45hhC6DjbEOcS0Y/P85xLymNeaZ1v1EAGaYX7ErnYlVH8y9wCf4dQzcImWNwOYKUjXZiLJnAA7YSQrtA=="
    },
    "@bbc/psammead-styles": {
      "version": "7.2.2",
      "resolved": "https://registry.npmjs.org/@bbc/psammead-styles/-/psammead-styles-7.2.2.tgz",
      "integrity": "sha512-TbR/2nvvkkDPcl+VIs6HvZkNlXtLLjJs0eyKIOXMHSWnxoNbcvy3aYpLzS4d7iXrJR7hPFg8f1MrUjGXIWEziw=="
    }
  }
}
