{
  "name": "@bbc/psammead-consent-banner",
  "version": "2.3.29",
  "lockfileVersion": 1,
  "requires": true,
  "dependencies": {
    "@bbc/gel-foundations": {
      "version": "4.0.1",
      "resolved": "https://registry.npmjs.org/@bbc/gel-foundations/-/gel-foundations-4.0.1.tgz",
      "integrity": "sha512-0h3p8aG9sGbsEu0y8UOQ/d6VoLoFY0KdsOqwSTkIH0+IyDq9LzMLjP4ceDk+gK1qtAMb+SuqitFjllX/9KavCg=="
    },
    "@bbc/psammead-styles": {
      "version": "4.3.1",
      "resolved": "https://registry.npmjs.org/@bbc/psammead-styles/-/psammead-styles-4.3.1.tgz",
      "integrity": "sha512-bCshKJ0zDvzM+vesvmnQs/ZMc+9EkEUaR4RWnUU1HdEq1Z95ApTDbePpNCM7CLKrx99PREN8PeGFhN6o//B9bw=="
    }
  }
}
