# THIS IS AN AUTOGENERATED FILE. DO NOT EDIT THIS FILE DIRECTLY.
# yarn lockfile v1


dompurify@^2.0.8:
  version "2.1.1"
  resolved "https://registry.yarnpkg.com/dompurify/-/dompurify-2.1.1.tgz#b5aa988676b093a9c836d8b855680a8598af25fe"
  integrity sha512-NijiNVkS/OL8mdQL1hUbCD6uty/cgFpmNiuFxrmJ5YPH2cXrPKIewoixoji56rbZ6XBPmtM8GA8/sf9unlSuwg==
