# THIS IS AN AUTOGENERATED FILE. DO NOT EDIT THIS FILE DIRECTLY.
# yarn lockfile v1


dompurify@^2.0.8:
  version "2.0.8"
  resolved "https://registry.yarnpkg.com/dompurify/-/dompurify-2.0.8.tgz#6ef89d2d227d041af139c7b01d9f67ed59c2eb3c"
  integrity sha512-vIOSyOXkMx81ghEalh4MLBtDHMx1bhKlaqHDMqM2yeitJ996SLOk5mGdDpI9ifJAgokred8Rmu219fX4OltqXw==
