{
  "name": "@bbc/psammead-section-label",
  "version": "4.0.2",
  "lockfileVersion": 1,
  "requires": true,
  "dependencies": {
    "@bbc/gel-foundations": {
      "version": "4.0.1",
      "resolved": "https://registry.npmjs.org/@bbc/gel-foundations/-/gel-foundations-4.0.1.tgz",
      "integrity": "sha512-0h3p8aG9sGbsEu0y8UOQ/d6VoLoFY0KdsOqwSTkIH0+IyDq9LzMLjP4ceDk+gK1qtAMb+SuqitFjllX/9KavCg=="
    },
    "@bbc/psammead-styles": {
      "version": "4.3.0",
      "resolved": "https://registry.npmjs.org/@bbc/psammead-styles/-/psammead-styles-4.3.0.tgz",
      "integrity": "sha512-bgYd7pGMK7cbWsY2pq2nxbHWdPSW5ZIzEefDJ3xMi9FknwDQDO6m9OJ67TaovWNaPJvduVB9no7V+2eAuity7w=="
    }
  }
}
