{
  "name": "@bbc/psammead-section-label",
  "version": "5.0.7",
  "lockfileVersion": 1,
  "requires": true,
  "dependencies": {
    "@bbc/gel-foundations": {
      "version": "4.0.1",
      "resolved": "https://registry.npmjs.org/@bbc/gel-foundations/-/gel-foundations-4.0.1.tgz",
      "integrity": "sha512-0h3p8aG9sGbsEu0y8UOQ/d6VoLoFY0KdsOqwSTkIH0+IyDq9LzMLjP4ceDk+gK1qtAMb+SuqitFjllX/9KavCg=="
    },
    "@bbc/psammead-styles": {
      "version": "4.4.0",
      "resolved": "https://registry.npmjs.org/@bbc/psammead-styles/-/psammead-styles-4.4.0.tgz",
      "integrity": "sha512-N6aC/ohJ09f3MfDAdI83md98cQkEzDrogH0N/wP8LdIzVfUHBmjquA07nbBLgF7w22zuFT0tQOXB+OoGwoQQag=="
    }
  }
}
