{
  "name": "@bbc/psammead-section-label",
  "version": "2.2.0",
  "lockfileVersion": 1,
  "requires": true,
  "dependencies": {
    "@bbc/gel-foundations": {
      "version": "3.2.0",
      "resolved": "https://registry.npmjs.org/@bbc/gel-foundations/-/gel-foundations-3.2.0.tgz",
      "integrity": "sha512-C7oNOPDICLZDcm/zD9aguFO4jH4KIAQ4eUU35QF+EuoQmJKYxW1piXF4BZh1R7gopgbpQOf0ctghI++a5ulX5Q=="
    },
    "@bbc/psammead-styles": {
      "version": "2.0.1",
      "resolved": "https://registry.npmjs.org/@bbc/psammead-styles/-/psammead-styles-2.0.1.tgz",
      "integrity": "sha512-v+E4hyXBIRReKNWbZEsyNkCFLMAln30+WSyT6IJrfnuH8tOQcj2NyQGlmv4TzMrU6R3Thi3yVGlO5bgXEmpOdA=="
    }
  }
}
