{
  "name": "@bbc/psammead-caption",
  "version": "3.0.0-alpha.1",
  "lockfileVersion": 1,
  "requires": true,
  "dependencies": {
    "@bbc/gel-foundations": {
      "version": "5.0.0",
      "resolved": "https://registry.npmjs.org/@bbc/gel-foundations/-/gel-foundations-5.0.0.tgz",
      "integrity": "sha512-kreqI6HEOLnlat/Fi6p6nkNy0Z9fsyhz8Tt1zjZmuy7HUSIqvsHWGuvjKJESakQKS+gSH4jWdoZ9sc10LzlrnA=="
    },
    "@bbc/psammead-styles": {
      "version": "5.0.1-alpha.0",
      "resolved": "https://registry.npmjs.org/@bbc/psammead-styles/-/psammead-styles-5.0.1-alpha.0.tgz",
      "integrity": "sha512-XzgCxes/cwiERw/t37WfouNsVG3yqsYG5+9+0WIJLZCrBplSnMGx9ByPQVpF+4vj0yIkYfnh3TInSPWac+D/Yw=="
    }
  }
}
