{
  "name": "@bbc/psammead-caption",
  "version": "2.2.5",
  "lockfileVersion": 1,
  "requires": true,
  "dependencies": {
    "@bbc/gel-foundations": {
      "version": "3.3.3",
      "resolved": "https://registry.npmjs.org/@bbc/gel-foundations/-/gel-foundations-3.3.3.tgz",
      "integrity": "sha512-Xq/nrWE0W6s+Q+wBH3600p9K9cCYQAWKT3eLm8eH7+LQO9EgbqOHFrjw8Kd9paa57k3k/YHX1naBPrRMJANrOQ=="
    },
    "@bbc/psammead-styles": {
      "version": "2.1.2",
      "resolved": "https://registry.npmjs.org/@bbc/psammead-styles/-/psammead-styles-2.1.2.tgz",
      "integrity": "sha512-DT1Z3in3J1At5ZhzUdKzW73ZA5pPZG9HXgExZ/y0hlSyO0vBtH5xYEsB3B4Cu32T9JbU6+07624MJ351OcwzEw=="
    }
  }
}
