{
  "name": "@bbc/psammead-paragraph",
  "version": "2.2.30",
  "lockfileVersion": 1,
  "requires": true,
  "dependencies": {
    "@bbc/gel-foundations": {
      "version": "4.0.1",
      "resolved": "https://registry.npmjs.org/@bbc/gel-foundations/-/gel-foundations-4.0.1.tgz",
      "integrity": "sha512-0h3p8aG9sGbsEu0y8UOQ/d6VoLoFY0KdsOqwSTkIH0+IyDq9LzMLjP4ceDk+gK1qtAMb+SuqitFjllX/9KavCg=="
    },
    "@bbc/psammead-styles": {
      "version": "4.4.1",
      "resolved": "https://registry.npmjs.org/@bbc/psammead-styles/-/psammead-styles-4.4.1.tgz",
      "integrity": "sha512-OMIFVu64LcOGMPd4UnquR6UKrxaCLRSVYF19jRzPgRLHfY4rPWg7HzENeGsf4FsZaDduWY7QE9YKg0rn+5V+Wg=="
    }
  }
}
