{
  "name": "@bbc/psammead-paragraph",
  "version": "2.2.6",
  "lockfileVersion": 1,
  "requires": true,
  "dependencies": {
    "@bbc/gel-foundations": {
      "version": "3.3.3",
      "resolved": "https://registry.npmjs.org/@bbc/gel-foundations/-/gel-foundations-3.3.3.tgz",
      "integrity": "sha512-Xq/nrWE0W6s+Q+wBH3600p9K9cCYQAWKT3eLm8eH7+LQO9EgbqOHFrjw8Kd9paa57k3k/YHX1naBPrRMJANrOQ=="
    },
    "@bbc/psammead-styles": {
      "version": "2.1.3",
      "resolved": "https://registry.npmjs.org/@bbc/psammead-styles/-/psammead-styles-2.1.3.tgz",
      "integrity": "sha512-Bnhtqe9F8nCCf1mKsjTNl6y0q/y7d4CjyVeUnFLtFA5FEI8aeu8vfXdYwHv4SymlB5CC95fynMM479UH1rCbcw=="
    }
  }
}
