{
  "name": "@bbc/psammead-paragraph",
  "version": "2.1.5",
  "lockfileVersion": 1,
  "requires": true,
  "dependencies": {
    "@bbc/gel-foundations": {
      "version": "3.2.1",
      "resolved": "https://registry.npmjs.org/@bbc/gel-foundations/-/gel-foundations-3.2.1.tgz",
      "integrity": "sha512-8Gd1BcvYPU6qbPNsfDHxxJO0bbqGw0l5f/dYyhTtd0exYw/IqUiiiQ/+thGd7Rrpx8RvqmG050/8Fji52FPlNg=="
    },
    "@bbc/psammead-styles": {
      "version": "2.0.3",
      "resolved": "https://registry.npmjs.org/@bbc/psammead-styles/-/psammead-styles-2.0.3.tgz",
      "integrity": "sha512-FBKI+StXEc8Bo31jtjDF2Oex+pqPR9zN26cUHpADEG8po7uCmHXfks8lWsoJt3+oa79YV1LNRNqNi5sdxQ0kvQ=="
    }
  }
}
