{
  "name": "@bbc/psammead-content-shift-blocker",
  "version": "1.0.0",
  "lockfileVersion": 1,
  "requires": true,
  "dependencies": {
    "@juggle/resize-observer": {
      "version": "2.4.0",
      "resolved": "https://registry.npmjs.org/@juggle/resize-observer/-/resize-observer-2.4.0.tgz",
      "integrity": "sha512-iBxD3plYdW4+yryivUWtfHy+B2wwQsdET6eviABx9QJKjokf0lBOZH853I31sbccskPsagtulW0ik1SWDek4RQ=="
    },
    "intersection-observer": {
      "version": "0.7.0",
      "resolved": "https://registry.npmjs.org/intersection-observer/-/intersection-observer-0.7.0.tgz",
      "integrity": "sha512-Id0Fij0HsB/vKWGeBe9PxeY45ttRiBmhFyyt/geBdDHBYNctMRTE3dC1U3ujzz3lap+hVXlEcVaB56kZP/eEUg=="
    }
  }
}
