{
  "name": "@bbc/psammead-headings",
  "version": "5.0.11",
  "lockfileVersion": 1,
  "requires": true,
  "dependencies": {
    "@bbc/gel-foundations": {
      "version": "6.1.0",
      "resolved": "https://registry.npmjs.org/@bbc/gel-foundations/-/gel-foundations-6.1.0.tgz",
      "integrity": "sha512-bWzYYMe4hrN/EUzr3rEr1psBXJsW3SAXceVVwegY48vOqdfKjwJejOd/Q6u+Ge3GOCR9ZSIailOQmi1174SUrQ=="
    },
    "@bbc/psammead-styles": {
      "version": "7.2.1",
      "resolved": "https://registry.npmjs.org/@bbc/psammead-styles/-/psammead-styles-7.2.1.tgz",
      "integrity": "sha512-I2wiCo8UFgAaGntW+AOrbeIx3t7RWmF1yLz6Kha2IemhJcPh5u60z+7a8oe+asYYmJdDFWMvrCNXWl4qCe8MMw=="
    }
  }
}
