{
  "name": "@bbc/psammead-media-indicator",
  "version": "2.6.0",
  "lockfileVersion": 1,
  "requires": true,
  "dependencies": {
    "@bbc/gel-foundations": {
      "version": "3.4.0",
      "resolved": "https://registry.npmjs.org/@bbc/gel-foundations/-/gel-foundations-3.4.0.tgz",
      "integrity": "sha512-WuewciWzvSb/WKhUGSvIoighqCdXGN2PsVQbZbUo5/eWi5+o3O8uoojUpeQeRZMYWLsLVELPHr6qJDuqKghXKA=="
    },
    "@bbc/psammead-assets": {
      "version": "2.3.0",
      "resolved": "https://registry.npmjs.org/@bbc/psammead-assets/-/psammead-assets-2.3.0.tgz",
      "integrity": "sha512-pejORKWrs9O4AqxWteAnS8N6KlEaayG3W6NGF7JZDiNgs6xYgzQ1Aj1CQva9FKVirdlqNYln9TxFTSSNIiyr4A=="
    },
    "@bbc/psammead-styles": {
      "version": "2.3.0",
      "resolved": "https://registry.npmjs.org/@bbc/psammead-styles/-/psammead-styles-2.3.0.tgz",
      "integrity": "sha512-m8BwXTRDTVOZ0pO1KDSJ5mXOn+0rgkx6eNbLsspLX2u/UX8xAlTGLn61ua9HRDKTZ/yHnxIQnD8PKghStH3aPA=="
    }
  }
}
