{
  "name": "@bbc/psammead-media-indicator",
  "version": "4.0.3",
  "lockfileVersion": 1,
  "requires": true,
  "dependencies": {
    "@bbc/gel-foundations": {
      "version": "4.0.0",
      "resolved": "https://registry.npmjs.org/@bbc/gel-foundations/-/gel-foundations-4.0.0.tgz",
      "integrity": "sha512-PRXGmrNFJ4DQDw+ZV48skmihBkK/vMN1rhO91O0qkGc1tpVXrdRfTMLsb9mmw/TCS7PRlzrq40g2lnX7zOmHTw=="
    },
    "@bbc/psammead-assets": {
      "version": "2.13.0",
      "resolved": "https://registry.npmjs.org/@bbc/psammead-assets/-/psammead-assets-2.13.0.tgz",
      "integrity": "sha512-s/Gt06FMYY57m2uUVq2QaPm/ZBK4duO5NPmxjPLqyG4PKZbvV05XuFky9TrWuwYgJV4haPTMaI6JfT9tA4aGjw=="
    },
    "@bbc/psammead-styles": {
      "version": "4.3.0",
      "resolved": "https://registry.npmjs.org/@bbc/psammead-styles/-/psammead-styles-4.3.0.tgz",
      "integrity": "sha512-bgYd7pGMK7cbWsY2pq2nxbHWdPSW5ZIzEefDJ3xMi9FknwDQDO6m9OJ67TaovWNaPJvduVB9no7V+2eAuity7w=="
    }
  }
}
