{
  "name": "@bbc/psammead-media-indicator",
  "version": "2.3.4",
  "lockfileVersion": 1,
  "requires": true,
  "dependencies": {
    "@bbc/gel-foundations": {
      "version": "3.2.1",
      "resolved": "https://registry.npmjs.org/@bbc/gel-foundations/-/gel-foundations-3.2.1.tgz",
      "integrity": "sha512-8Gd1BcvYPU6qbPNsfDHxxJO0bbqGw0l5f/dYyhTtd0exYw/IqUiiiQ/+thGd7Rrpx8RvqmG050/8Fji52FPlNg=="
    },
    "@bbc/psammead-styles": {
      "version": "2.0.2",
      "resolved": "https://registry.npmjs.org/@bbc/psammead-styles/-/psammead-styles-2.0.2.tgz",
      "integrity": "sha512-Fpazc8Q0/ishOhn2X/Z5yZnzAnLDcK9G4fUDwojALYwAIs1qi3o47U5gY14bhTa+MKxI0nLQyQJ69IYR0nsoxA=="
    }
  }
}
