{
  "name": "@bbc/psammead-episode-list",
  "version": "1.0.20",
  "lockfileVersion": 1,
  "requires": true,
  "dependencies": {
    "@bbc/gel-foundations": {
      "version": "6.1.1",
      "resolved": "https://registry.npmjs.org/@bbc/gel-foundations/-/gel-foundations-6.1.1.tgz",
      "integrity": "sha512-IDJxmb45hhC6DjbEOcS0Y/P85xLymNeaZ1v1EAGaYX7ErnYlVH8y9wCf4dQzcImWNwOYKUjXZiLJnAA7YSQrtA=="
    },
    "@bbc/psammead-assets": {
      "version": "3.1.5",
      "resolved": "https://registry.npmjs.org/@bbc/psammead-assets/-/psammead-assets-3.1.5.tgz",
      "integrity": "sha512-ITTfnuup0KLt2oF7rcWUB287ZNSmf8346SWzovv/tJ8RV0qppWyjFJaOTxfnxMjZcU3UkuH20Qf25JJq3Rjt1A=="
    },
    "@bbc/psammead-image-placeholder": {
      "version": "3.0.15",
      "resolved": "https://registry.npmjs.org/@bbc/psammead-image-placeholder/-/psammead-image-placeholder-3.0.15.tgz",
      "integrity": "sha512-wFnLyeAaCXpBKYpXcWjg0KU4/cyB0aOS7nsyz3xGmaa2rjCD1aTqtI3hzuE4a94Lr807L5lQg952i7wn4OCzkA==",
      "requires": {
        "@bbc/psammead-assets": "^3.1.5",
        "@bbc/psammead-styles": "^7.2.2"
      }
    },
    "@bbc/psammead-section-label": {
      "version": "7.0.14",
      "resolved": "https://registry.npmjs.org/@bbc/psammead-section-label/-/psammead-section-label-7.0.14.tgz",
      "integrity": "sha512-Cm2zFWYM8WEiAek2BmRhC5qd6zqsNaAm5pjwYDUZ0rrQlhVGH5AxoAu7eQoPTBz+Vv+HE39JrgAWnMxldRw+Og==",
      "dev": true,
      "requires": {
        "@bbc/gel-foundations": "^6.1.1",
        "@bbc/psammead-styles": "^7.2.2"
      }
    },
    "@bbc/psammead-styles": {
      "version": "7.2.2",
      "resolved": "https://registry.npmjs.org/@bbc/psammead-styles/-/psammead-styles-7.2.2.tgz",
      "integrity": "sha512-TbR/2nvvkkDPcl+VIs6HvZkNlXtLLjJs0eyKIOXMHSWnxoNbcvy3aYpLzS4d7iXrJR7hPFg8f1MrUjGXIWEziw=="
    },
    "@bbc/psammead-visually-hidden-text": {
      "version": "2.0.3",
      "resolved": "https://registry.npmjs.org/@bbc/psammead-visually-hidden-text/-/psammead-visually-hidden-text-2.0.3.tgz",
      "integrity": "sha512-r+3K/cZrKvsG6mwMosH7EZ6JPPLlgVE5FM9z8HRbdOZ+0Eq/0zTHs2cyHHm3BnjPdvCOO4wQaETikBET7l15KA==",
      "dev": true
    }
  }
}
