# THIS IS AN AUTOGENERATED FILE. DO NOT EDIT THIS FILE DIRECTLY.
# yarn lockfile v1


"@bbc/gel-foundations@^6.1.1":
  version "6.1.1"
  resolved "https://registry.yarnpkg.com/@bbc/gel-foundations/-/gel-foundations-6.1.1.tgz#3284ec65018a9494d3f594800fdf7d8a097390e0"
  integrity sha512-IDJxmb45hhC6DjbEOcS0Y/P85xLymNeaZ1v1EAGaYX7ErnYlVH8y9wCf4dQzcImWNwOYKUjXZiLJnAA7YSQrtA==

"@bbc/gel-foundations@^6.1.2":
  version "6.1.2"
  resolved "https://registry.yarnpkg.com/@bbc/gel-foundations/-/gel-foundations-6.1.2.tgz#123d3300fb491d19ad9e7d8da41140c66d401e18"
  integrity sha512-xY8Zd7YGPUoZgf9pBTDApMqT8karak5SoOzpcWWmbKo0KNfrumnW3NIsTcI8utcN6TUGJn7gItouRpbzXWQPnA==

"@bbc/psammead-assets@^3.1.5":
  version "3.1.5"
  resolved "https://registry.yarnpkg.com/@bbc/psammead-assets/-/psammead-assets-3.1.5.tgz#a0448930d5aef020b670b77e65420ded296e150d"
  integrity sha512-ITTfnuup0KLt2oF7rcWUB287ZNSmf8346SWzovv/tJ8RV0qppWyjFJaOTxfnxMjZcU3UkuH20Qf25JJq3Rjt1A==

"@bbc/psammead-assets@^3.1.6":
  version "3.1.6"
  resolved "https://registry.yarnpkg.com/@bbc/psammead-assets/-/psammead-assets-3.1.6.tgz#1add54aec6d2ba6b4294a194fdea9de36c28ee4c"
  integrity sha512-k+hQ92K2f1kvATxna9EqTCEIaOqez1OxdWiBHWwjoLiEuBw1HfOPED4T0GAI/fZq+r27CWwCadv5gcG2WBftVg==

"@bbc/psammead-image-placeholder@^3.0.16":
  version "3.0.16"
  resolved "https://registry.yarnpkg.com/@bbc/psammead-image-placeholder/-/psammead-image-placeholder-3.0.16.tgz#242027c646c8ee65a7dadd972fc29789e518912d"
  integrity sha512-oB9Zn/K9Dy8vxEpU6RNohOeWNRMzqO+B6ucU/veiXHa9Jt6PJgAZCGhOUFyTcRuy92Fg3YYGB/+8J41ekxE05Q==
  dependencies:
    "@bbc/psammead-assets" "^3.1.5"
    "@bbc/psammead-styles" "^7.2.2"

"@bbc/psammead-section-label@^7.0.15":
  version "7.0.15"
  resolved "https://registry.yarnpkg.com/@bbc/psammead-section-label/-/psammead-section-label-7.0.15.tgz#26847c3cdb3d3d00ef8d53459554a470a72714a8"
  integrity sha512-7iBMUyl0n8WPOuqEU5+ZDO0SsHHZA1C5XsNhxZts7evWRQqkHIrrOxyyy29raPerYche9/qamPdaS/vo9QHVCQ==
  dependencies:
    "@bbc/gel-foundations" "^6.1.1"
    "@bbc/psammead-styles" "^7.2.2"

"@bbc/psammead-styles@^7.2.2":
  version "7.2.2"
  resolved "https://registry.yarnpkg.com/@bbc/psammead-styles/-/psammead-styles-7.2.2.tgz#628642ec22e7199212749066e18bd22b47823be0"
  integrity sha512-TbR/2nvvkkDPcl+VIs6HvZkNlXtLLjJs0eyKIOXMHSWnxoNbcvy3aYpLzS4d7iXrJR7hPFg8f1MrUjGXIWEziw==

"@bbc/psammead-styles@^7.2.3":
  version "7.2.3"
  resolved "https://registry.yarnpkg.com/@bbc/psammead-styles/-/psammead-styles-7.2.3.tgz#a12eb4230796adc8d05158382d8b364b91c0f89e"
  integrity sha512-i+Ut6+ZguVsnUu8yitmrBwPDeZLOFpmMljYxdVlngjLyqBWAlEQLmXep+jxATqttIHUy9gRbuvPfsq7O3P9GNg==

"@bbc/psammead-visually-hidden-text@^2.0.4":
  version "2.0.4"
  resolved "https://registry.yarnpkg.com/@bbc/psammead-visually-hidden-text/-/psammead-visually-hidden-text-2.0.4.tgz#1aaaedd7da0b8c710ad32628c69b4759ecfa80e2"
  integrity sha512-eyFfcB0hqd/RoycZSTJL0/HOb3p9CvNfKVTJOWUqIpfFqj6DP+8WnNr4+jMrzGw1msuixOH8jj791DQvX/VLUg==
