{
  "name": "@bbc/psammead-inline-link",
  "version": "1.2.4",
  "lockfileVersion": 1,
  "requires": true,
  "dependencies": {
    "@bbc/psammead-styles": {
      "version": "2.0.2",
      "resolved": "https://registry.npmjs.org/@bbc/psammead-styles/-/psammead-styles-2.0.2.tgz",
      "integrity": "sha512-Fpazc8Q0/ishOhn2X/Z5yZnzAnLDcK9G4fUDwojALYwAIs1qi3o47U5gY14bhTa+MKxI0nLQyQJ69IYR0nsoxA=="
    }
  }
}
