{
  "name": "@bbc/psammead-inline-link",
  "version": "3.0.4",
  "lockfileVersion": 1,
  "requires": true,
  "dependencies": {
    "@bbc/psammead-styles": {
      "version": "7.0.1",
      "resolved": "https://registry.npmjs.org/@bbc/psammead-styles/-/psammead-styles-7.0.1.tgz",
      "integrity": "sha512-QGgLxJNpOPVAa9XHrCaY8NkU3JDcF65+RO438ZB8v0kZMDJeJvdmF/waZt98POtV/ky2CULhPu5YF4bQi0Omiw=="
    }
  }
}
