# THIS IS AN AUTOGENERATED FILE. DO NOT EDIT THIS FILE DIRECTLY.
# yarn lockfile v1


"@bbc/psammead-styles@^7.2.3":
  version "7.2.3"
  resolved "https://registry.yarnpkg.com/@bbc/psammead-styles/-/psammead-styles-7.2.3.tgz#a12eb4230796adc8d05158382d8b364b91c0f89e"
  integrity sha512-i+Ut6+ZguVsnUu8yitmrBwPDeZLOFpmMljYxdVlngjLyqBWAlEQLmXep+jxATqttIHUy9gRbuvPfsq7O3P9GNg==
