{
  "name": "@bbc/psammead-figure",
  "version": "1.2.13",
  "lockfileVersion": 1,
  "requires": true,
  "dependencies": {
    "@bbc/gel-foundations": {
      "version": "4.1.0",
      "resolved": "https://registry.npmjs.org/@bbc/gel-foundations/-/gel-foundations-4.1.0.tgz",
      "integrity": "sha512-gSqi+Og6oMsuxCoRv3NDM/tlSlSYUxYrk3zKqWFsP1dGKv/e9+5yq92LvGKTY4WtuJr/i8CYOUl+ieQ+bAuRTw=="
    }
  }
}
