{
  "name": "@bbc/psammead-figure",
  "version": "1.2.12",
  "lockfileVersion": 1,
  "requires": true,
  "dependencies": {
    "@bbc/gel-foundations": {
      "version": "4.0.1",
      "resolved": "https://registry.npmjs.org/@bbc/gel-foundations/-/gel-foundations-4.0.1.tgz",
      "integrity": "sha512-0h3p8aG9sGbsEu0y8UOQ/d6VoLoFY0KdsOqwSTkIH0+IyDq9LzMLjP4ceDk+gK1qtAMb+SuqitFjllX/9KavCg=="
    }
  }
}
