{
  "name": "@bbc/psammead-figure",
  "version": "1.1.4",
  "lockfileVersion": 1,
  "requires": true,
  "dependencies": {
    "@bbc/gel-foundations": {
      "version": "3.2.2",
      "resolved": "https://registry.npmjs.org/@bbc/gel-foundations/-/gel-foundations-3.2.2.tgz",
      "integrity": "sha512-P67ZFA22BmREVcRlJ/tDfuKmS9mrYDyUbow8/XkbOHu7Dc45xI+8ZokQ2KsG71/ucSpDNTlQtHk1IwHvfyLAVA=="
    }
  }
}
