{
  "name": "@bbc/psammead-most-read",
  "version": "6.0.9",
  "lockfileVersion": 1,
  "requires": true,
  "dependencies": {
    "@bbc/gel-foundations": {
      "version": "6.0.0",
      "resolved": "https://registry.npmjs.org/@bbc/gel-foundations/-/gel-foundations-6.0.0.tgz",
      "integrity": "sha512-4J5bASYmI5i7tniJkDpN7ZDlWHgZEvS4Ij4CEiVSQ1dz9zGzoWu8A3yBJ5cyAs2MTX97ZgHV8ZDR9les9C9CcQ=="
    },
    "@bbc/psammead-grid": {
      "version": "3.0.6",
      "resolved": "https://registry.npmjs.org/@bbc/psammead-grid/-/psammead-grid-3.0.6.tgz",
      "integrity": "sha512-pQ4ovco2tSxulpf851Ph5xSOBj390Q5EOpOJq2oSYqvSuNBIHVmvJ0H1hd2aUn/5otXJ1ePzdSVhSGonRkbvmQ==",
      "requires": {
        "@bbc/gel-foundations": "^6.0.0",
        "@bbc/psammead-styles": "^7.0.0"
      }
    },
    "@bbc/psammead-styles": {
      "version": "7.0.0",
      "resolved": "https://registry.npmjs.org/@bbc/psammead-styles/-/psammead-styles-7.0.0.tgz",
      "integrity": "sha512-sZa4xfLFmT2dBXOjTtDWcz3785dvFluyARsNYeU3rr+Hy7+PtZd03Px9VxsCaS3b61gtVrRQ1FNDe+QMZDe5ZQ=="
    }
  }
}
