{
  "name": "@bbc/psammead-most-read",
  "version": "0.4.0-alpha.1",
  "lockfileVersion": 1,
  "requires": true,
  "dependencies": {
    "@bbc/gel-foundations": {
      "version": "3.4.1",
      "resolved": "https://registry.npmjs.org/@bbc/gel-foundations/-/gel-foundations-3.4.1.tgz",
      "integrity": "sha512-twwL0UcFrvq9w3O92PvkJRo+wThLqWLrxgFxxn8kwR1pni1wS6lhr3IwUPym4juS2hlTy/5C0/QiycB05IQhLg=="
    },
    "@bbc/psammead-grid": {
      "version": "1.0.0-alpha.1",
      "resolved": "https://registry.npmjs.org/@bbc/psammead-grid/-/psammead-grid-1.0.0-alpha.1.tgz",
      "integrity": "sha512-oyzwYXbZEb+lV2shGsktNHo8Y7KpIFZNW0JOUTbOHsNkvmQWvW8OJM2HbUcCl7f42WERhsPf4tGO4aiRU6lYfA==",
      "requires": {
        "@bbc/gel-foundations": "^3.4.0",
        "@bbc/psammead-styles": "^4.0.1"
      }
    },
    "@bbc/psammead-styles": {
      "version": "4.1.2",
      "resolved": "https://registry.npmjs.org/@bbc/psammead-styles/-/psammead-styles-4.1.2.tgz",
      "integrity": "sha512-uTbY50dJueJnJbU/n7XArN4HzM4mtGaG82nWw1BAjuuaR0q9h5MLP3Rt4NsUslZiKl09yUnqp/dFySJNi9mWZQ=="
    }
  }
}
