# THIS IS AN AUTOGENERATED FILE. DO NOT EDIT THIS FILE DIRECTLY.
# yarn lockfile v1


"@bbc/gel-foundations@^4.3.0":
  version "4.3.0"
  resolved "https://registry.yarnpkg.com/@bbc/gel-foundations/-/gel-foundations-4.3.0.tgz#093da9b309af554a349e73e0fd0de6ac609705ca"
  integrity sha512-KyEDfA8ibVK6ZKhBABa+RLEkCNq7ixHxmJyz4pQwA+cqsqyW2F49CCZ6dNsHJ65HCfHa2k55rzvwnQAP21IP2Q==

"@bbc/psammead-grid@^1.1.20":
  version "1.1.20"
  resolved "https://registry.yarnpkg.com/@bbc/psammead-grid/-/psammead-grid-1.1.20.tgz#8cd5b42d60fb9a2a189b569b46f0653d41110ad5"
  integrity sha512-YymMULjAN+MNlveJ1nwgj3QU/JbLmjptUMi8BCjMFK8aCGq6PlobnCvENQxMziW/7twYOvg2b2aj80JtUx8SUA==
  dependencies:
    "@bbc/gel-foundations" "^4.3.0"
    "@bbc/psammead-styles" "^4.4.3"

"@bbc/psammead-styles@^4.4.3":
  version "4.4.3"
  resolved "https://registry.yarnpkg.com/@bbc/psammead-styles/-/psammead-styles-4.4.3.tgz#4f92d57f45a513be5c4e6507d323e8ee976005ca"
  integrity sha512-KxtxY3m03wcQIv4l75VdutPFAGySVocrvTiYX+TLeoB32ENU1Leke7stkkkEWj5CfVLdCHksCG/OAHX0239cUw==
