{
  "name": "@bbc/web-vitals",
  "version": "1.0.0",
  "lockfileVersion": 1,
  "requires": true,
  "dependencies": {
    "web-vitals": {
      "version": "0.2.4",
      "resolved": "https://registry.npmjs.org/web-vitals/-/web-vitals-0.2.4.tgz",
      "integrity": "sha512-6BjspCO9VriYy12z356nL6JBS0GYeEcA457YyRzD+dD6XYCQ75NKhcOHUMHentOE7OcVCIXXDvOm0jKFfQG2Gg=="
    }
  }
}
