{
  "name": "@bbc/web-vitals",
  "version": "1.0.0",
  "lockfileVersion": 1,
  "requires": true,
  "dependencies": {
    "cross-fetch": {
      "version": "3.0.6",
      "resolved": "https://registry.npmjs.org/cross-fetch/-/cross-fetch-3.0.6.tgz",
      "integrity": "sha512-KBPUbqgFjzWlVcURG+Svp9TlhA5uliYtiNx/0r8nv0pdypeQCRJ9IaSIc3q/x3q8t3F75cHuwxVql1HFGHCNJQ==",
      "requires": {
        "node-fetch": "2.6.1"
      }
    },
    "node-fetch": {
      "version": "2.6.1",
      "resolved": "https://registry.npmjs.org/node-fetch/-/node-fetch-2.6.1.tgz",
      "integrity": "sha512-V4aYg89jEoVRxRb2fJdAg8FHvI7cEyYdVAh94HH0UIK8oJxUfkjlDQN9RbMx+bEjP7+ggMiFRprSti032Oipxw=="
    },
    "react-adaptive-hooks": {
      "version": "0.0.8",
      "resolved": "https://registry.npmjs.org/react-adaptive-hooks/-/react-adaptive-hooks-0.0.8.tgz",
      "integrity": "sha512-akbhO9JrE3ACpjNJpvHKgeWtM9YSNH73tBuBeSCxECGG8SkXMm1ZW51Dr2957zUMK3Mxx8G/MYejoHGWZNCQAg=="
    },
    "web-vitals": {
      "version": "0.2.4",
      "resolved": "https://registry.npmjs.org/web-vitals/-/web-vitals-0.2.4.tgz",
      "integrity": "sha512-6BjspCO9VriYy12z356nL6JBS0GYeEcA457YyRzD+dD6XYCQ75NKhcOHUMHentOE7OcVCIXXDvOm0jKFfQG2Gg=="
    }
  }
}
