# THIS IS AN AUTOGENERATED FILE. DO NOT EDIT THIS FILE DIRECTLY.
# yarn lockfile v1


cross-fetch@^3.0.6:
  version "3.0.6"
  resolved "https://registry.yarnpkg.com/cross-fetch/-/cross-fetch-3.0.6.tgz#3a4040bc8941e653e0e9cf17f29ebcd177d3365c"
  integrity sha512-KBPUbqgFjzWlVcURG+Svp9TlhA5uliYtiNx/0r8nv0pdypeQCRJ9IaSIc3q/x3q8t3F75cHuwxVql1HFGHCNJQ==
  dependencies:
    node-fetch "2.6.1"

node-fetch@2.6.1:
  version "2.6.1"
  resolved "https://registry.yarnpkg.com/node-fetch/-/node-fetch-2.6.1.tgz#045bd323631f76ed2e2b55573394416b639a0052"
  integrity sha512-V4aYg89jEoVRxRb2fJdAg8FHvI7cEyYdVAh94HH0UIK8oJxUfkjlDQN9RbMx+bEjP7+ggMiFRprSti032Oipxw==

react-adaptive-hooks@0.0.8:
  version "0.0.8"
  resolved "https://registry.yarnpkg.com/react-adaptive-hooks/-/react-adaptive-hooks-0.0.8.tgz#f23d9232eb7f6f4d782c631bbf029f15b4d01eb1"
  integrity sha512-akbhO9JrE3ACpjNJpvHKgeWtM9YSNH73tBuBeSCxECGG8SkXMm1ZW51Dr2957zUMK3Mxx8G/MYejoHGWZNCQAg==

web-vitals@^0.2.4:
  version "0.2.4"
  resolved "https://registry.yarnpkg.com/web-vitals/-/web-vitals-0.2.4.tgz#ec3df43c834a207fd7cdefd732b2987896e08511"
  integrity sha512-6BjspCO9VriYy12z356nL6JBS0GYeEcA457YyRzD+dD6XYCQ75NKhcOHUMHentOE7OcVCIXXDvOm0jKFfQG2Gg==
