{
  "name": "@bbc/psammead-paragraph-react-testing-library",
  "requires": true,
  "lockfileVersion": 1,
  "dependencies": {
    "@babel/runtime": {
      "version": "7.2.0",
      "resolved": "https://registry.npmjs.org/@babel/runtime/-/runtime-7.2.0.tgz",
      "integrity": "sha512-oouEibCbHMVdZSDlJBO6bZmID/zA/G/Qx3H1d3rSNPTD+L8UNKvCat7aKWSJ74zYbm5zWGh0GQN0hKj8zYFTCg==",
      "dev": true,
      "requires": {
        "regenerator-runtime": "^0.12.0"
      }
    },
    "@bbc/gel-foundations": {
      "version": "0.1.3"
    },
    "@bbc/psammead-styles": {
      "version": "0.1.5"
    },
    "@sheerun/mutationobserver-shim": {
      "version": "0.3.2",
      "resolved": "https://registry.npmjs.org/@sheerun/mutationobserver-shim/-/mutationobserver-shim-0.3.2.tgz",
      "integrity": "sha512-vTCdPp/T/Q3oSqwHmZ5Kpa9oI7iLtGl3RQaA/NyLHikvcrPxACkkKVr/XzkSPJWXHRhKGzVvb0urJsbMlRxi1Q==",
      "dev": true
    },
    "ansi-regex": {
      "version": "3.0.0",
      "resolved": "https://registry.npmjs.org/ansi-regex/-/ansi-regex-3.0.0.tgz",
      "integrity": "sha1-7QMXwyIGT3lGbAKWa922Bas32Zg=",
      "dev": true
    },
    "ansi-styles": {
      "version": "3.2.1",
      "resolved": "https://registry.npmjs.org/ansi-styles/-/ansi-styles-3.2.1.tgz",
      "integrity": "sha512-VT0ZI6kZRdTh8YyJw3SMbYm/u+NqfsAxEpWO0Pf9sq8/e94WxxOpPKx9FR1FlyCtOVDNOQ+8ntlqFxiRc+r5qA==",
      "dev": true,
      "requires": {
        "color-convert": "^1.9.0"
      }
    },
    "color-convert": {
      "version": "1.9.3",
      "resolved": "https://registry.npmjs.org/color-convert/-/color-convert-1.9.3.tgz",
      "integrity": "sha512-QfAUtd+vFdAtFQcC8CCyYt1fYWxSqAiK2cSD6zDB8N3cpsEBAvRxp9zOGg6G/SHHJYAT88/az/IuDGALsNVbGg==",
      "dev": true,
      "requires": {
        "color-name": "1.1.3"
      }
    },
    "color-name": {
      "version": "1.1.3",
      "resolved": "https://registry.npmjs.org/color-name/-/color-name-1.1.3.tgz",
      "integrity": "sha1-p9BVi9icQveV3UIyj3QIMcpTvCU=",
      "dev": true
    },
    "dom-testing-library": {
      "version": "3.16.3",
      "resolved": "https://registry.npmjs.org/dom-testing-library/-/dom-testing-library-3.16.3.tgz",
      "integrity": "sha512-AZJJ/lmw+/yZxUVWoua5BofYK9EAQ/7Ai2wldUb6mSjE1XZy2H/+IrhG57lp3GqYN5WK7c2HzBLu8lW3c6/bXQ==",
      "dev": true,
      "requires": {
        "@babel/runtime": "^7.1.5",
        "@sheerun/mutationobserver-shim": "^0.3.2",
        "pretty-format": "^23.6.0",
        "wait-for-expect": "^1.1.0"
      }
    },
    "pretty-format": {
      "version": "23.6.0",
      "resolved": "https://registry.npmjs.org/pretty-format/-/pretty-format-23.6.0.tgz",
      "integrity": "sha512-zf9NV1NSlDLDjycnwm6hpFATCGl/K1lt0R/GdkAK2O5LN/rwJoB+Mh93gGJjut4YbmecbfgLWVGSTCr0Ewvvbw==",
      "dev": true,
      "requires": {
        "ansi-regex": "^3.0.0",
        "ansi-styles": "^3.2.0"
      }
    },
    "react-testing-library": {
      "version": "5.4.4",
      "resolved": "https://registry.npmjs.org/react-testing-library/-/react-testing-library-5.4.4.tgz",
      "integrity": "sha512-/TiERZ+URSNhZQfjrUXh0VLsiLSmhqP1WP+2e2wWqWqrRIWpcAxrfuBxzlT75LYMDNmicEikaXJqRDi/pqCEDg==",
      "dev": true,
      "requires": {
        "dom-testing-library": "^3.13.1"
      }
    },
    "regenerator-runtime": {
      "version": "0.12.1",
      "resolved": "https://registry.npmjs.org/regenerator-runtime/-/regenerator-runtime-0.12.1.tgz",
      "integrity": "sha512-odxIc1/vDlo4iZcfXqRYFj0vpXFNoGdKMAUieAlFYO6m/nl5e9KR/beGf41z4a1FI+aQgtjhuaSlDxQ0hmkrHg==",
      "dev": true
    },
    "wait-for-expect": {
      "version": "1.1.0",
      "resolved": "https://registry.npmjs.org/wait-for-expect/-/wait-for-expect-1.1.0.tgz",
      "integrity": "sha512-vQDokqxyMyknfX3luCDn16bSaRcOyH6gGuUXMIbxBLeTo6nWuEWYqMTT9a+44FmW8c2m6TRWBdNvBBjA1hwEKg==",
      "dev": true
    }
  }
}
