{
  "name": "@bbc/psammead-social-embed",
  "version": "0.1.0-alpha.1",
  "lockfileVersion": 1,
  "requires": true,
  "dependencies": {
    "@bbc/psammead-oembed": {
      "version": "0.1.0-alpha.1",
      "resolved": "https://registry.npmjs.org/@bbc/psammead-oembed/-/psammead-oembed-0.1.0-alpha.1.tgz",
      "integrity": "sha512-E62ySpdpJ6/x4uLQU85so9p2PAk67SiEj5WI+nmMaUXuTzKKfoR/9LCFkzcF+QDmEsS6YmTB9eGaqvDbNDulvQ==",
      "requires": {
        "dompurify": "^2.0.8"
      }
    },
    "dompurify": {
      "version": "2.0.8",
      "resolved": "https://registry.npmjs.org/dompurify/-/dompurify-2.0.8.tgz",
      "integrity": "sha512-vIOSyOXkMx81ghEalh4MLBtDHMx1bhKlaqHDMqM2yeitJ996SLOk5mGdDpI9ifJAgokred8Rmu219fX4OltqXw=="
    }
  }
}
