{
  "name": "@bbc/psammead-social-embed",
  "version": "0.1.0-alpha.1",
  "lockfileVersion": 1,
  "requires": true,
  "dependencies": {
    "@bbc/gel-foundations": {
      "version": "4.0.1",
      "resolved": "https://registry.npmjs.org/@bbc/gel-foundations/-/gel-foundations-4.0.1.tgz",
      "integrity": "sha512-0h3p8aG9sGbsEu0y8UOQ/d6VoLoFY0KdsOqwSTkIH0+IyDq9LzMLjP4ceDk+gK1qtAMb+SuqitFjllX/9KavCg=="
    },
    "@bbc/psammead-oembed": {
      "version": "0.1.0-alpha.1",
      "resolved": "https://registry.npmjs.org/@bbc/psammead-oembed/-/psammead-oembed-0.1.0-alpha.1.tgz",
      "integrity": "sha512-E62ySpdpJ6/x4uLQU85so9p2PAk67SiEj5WI+nmMaUXuTzKKfoR/9LCFkzcF+QDmEsS6YmTB9eGaqvDbNDulvQ==",
      "requires": {
        "dompurify": "^2.0.8"
      }
    },
    "@bbc/psammead-styles": {
      "version": "4.3.0",
      "resolved": "https://registry.npmjs.org/@bbc/psammead-styles/-/psammead-styles-4.3.0.tgz",
      "integrity": "sha512-bgYd7pGMK7cbWsY2pq2nxbHWdPSW5ZIzEefDJ3xMi9FknwDQDO6m9OJ67TaovWNaPJvduVB9no7V+2eAuity7w=="
    },
    "dompurify": {
      "version": "2.0.8",
      "resolved": "https://registry.npmjs.org/dompurify/-/dompurify-2.0.8.tgz",
      "integrity": "sha512-vIOSyOXkMx81ghEalh4MLBtDHMx1bhKlaqHDMqM2yeitJ996SLOk5mGdDpI9ifJAgokred8Rmu219fX4OltqXw=="
    }
  }
}
