{
  "name": "@bbc/psammead-embed-error",
  "version": "1.0.0-alpha.10",
  "lockfileVersion": 1,
  "requires": true,
  "dependencies": {
    "@bbc/gel-foundations": {
      "version": "3.4.3",
      "resolved": "https://registry.npmjs.org/@bbc/gel-foundations/-/gel-foundations-3.4.3.tgz",
      "integrity": "sha512-rOPuintdkftYDE0GcY8B5K/AR5tLAMv7E+jD0plk32aEBojTXgttSYW9Da4NBKxLw69N9Px29YEu1CU0is1j9w=="
    },
    "@bbc/psammead-assets": {
      "version": "2.11.0",
      "resolved": "https://registry.npmjs.org/@bbc/psammead-assets/-/psammead-assets-2.11.0.tgz",
      "integrity": "sha512-+l4C0y+Y3Dbm6UdEOKRXrq95RlmqjY+kYrXBLtHaPVb5K8kqhqhBA9mAkS+5MF+bcsNMcMmOC8uIIAp6Djcikw=="
    },
    "@bbc/psammead-styles": {
      "version": "4.2.0",
      "resolved": "https://registry.npmjs.org/@bbc/psammead-styles/-/psammead-styles-4.2.0.tgz",
      "integrity": "sha512-nL+HJ/9PVwjBD4DgXQTWIyZ1NOak/NAjLe9ZEg+MxGXaFR4sJCGFlDnz/4CJqaOxlxF7WocK2H0lsOPBv9GWvw=="
    }
  }
}
