{
  "name": "@bbc/psammead-embed-error",
  "version": "2.0.0-alpha.1",
  "lockfileVersion": 1,
  "requires": true,
  "dependencies": {
    "@bbc/gel-foundations": {
      "version": "4.3.0",
      "resolved": "https://registry.npmjs.org/@bbc/gel-foundations/-/gel-foundations-4.3.0.tgz",
      "integrity": "sha512-KyEDfA8ibVK6ZKhBABa+RLEkCNq7ixHxmJyz4pQwA+cqsqyW2F49CCZ6dNsHJ65HCfHa2k55rzvwnQAP21IP2Q=="
    },
    "@bbc/psammead-assets": {
      "version": "2.14.2",
      "resolved": "https://registry.npmjs.org/@bbc/psammead-assets/-/psammead-assets-2.14.2.tgz",
      "integrity": "sha512-YWl8pWsytpqGOL1DJpq4wBbF7Tt7/Z2oJzr+g0fK9nXVV+CRa+X30EPH1smaDKpxeNfEE1TjqJHX+ZHfO9Qu+g=="
    },
    "@bbc/psammead-styles": {
      "version": "5.0.1-alpha.0",
      "resolved": "https://registry.npmjs.org/@bbc/psammead-styles/-/psammead-styles-5.0.1-alpha.0.tgz",
      "integrity": "sha512-XzgCxes/cwiERw/t37WfouNsVG3yqsYG5+9+0WIJLZCrBplSnMGx9ByPQVpF+4vj0yIkYfnh3TInSPWac+D/Yw=="
    }
  }
}
