{
  "name": "@bbc/psammead-embed-error",
  "version": "1.0.0",
  "lockfileVersion": 1,
  "requires": true,
  "dependencies": {
    "@bbc/gel-foundations": {
      "version": "4.1.0",
      "resolved": "https://registry.npmjs.org/@bbc/gel-foundations/-/gel-foundations-4.1.0.tgz",
      "integrity": "sha512-gSqi+Og6oMsuxCoRv3NDM/tlSlSYUxYrk3zKqWFsP1dGKv/e9+5yq92LvGKTY4WtuJr/i8CYOUl+ieQ+bAuRTw=="
    },
    "@bbc/psammead-assets": {
      "version": "2.14.1",
      "resolved": "https://registry.npmjs.org/@bbc/psammead-assets/-/psammead-assets-2.14.1.tgz",
      "integrity": "sha512-/QoNnowCBQh1mLB05nT8dxdf2Ud2U7GYbbBB/tescO68oIPlj/cLMJOXQc9sUQPxVgQQCQeA0Ls/o8dIOpry3Q=="
    },
    "@bbc/psammead-styles": {
      "version": "4.4.0",
      "resolved": "https://registry.npmjs.org/@bbc/psammead-styles/-/psammead-styles-4.4.0.tgz",
      "integrity": "sha512-N6aC/ohJ09f3MfDAdI83md98cQkEzDrogH0N/wP8LdIzVfUHBmjquA07nbBLgF7w22zuFT0tQOXB+OoGwoQQag=="
    }
  }
}
