{
  "name": "@bbc/psammead-bulletin",
  "version": "0.1.0-alpha.5",
  "lockfileVersion": 1,
  "requires": true,
  "dependencies": {
    "@bbc/gel-foundations": {
      "version": "3.4.1",
      "resolved": "https://registry.npmjs.org/@bbc/gel-foundations/-/gel-foundations-3.4.1.tgz",
      "integrity": "sha512-twwL0UcFrvq9w3O92PvkJRo+wThLqWLrxgFxxn8kwR1pni1wS6lhr3IwUPym4juS2hlTy/5C0/QiycB05IQhLg=="
    },
    "@bbc/psammead-assets": {
      "version": "2.10.1",
      "resolved": "https://registry.npmjs.org/@bbc/psammead-assets/-/psammead-assets-2.10.1.tgz",
      "integrity": "sha512-3v9i+8zVBw1FuYRpl8lnQA2oD1gmgV+gq+2qsnxGZ/Vle0RveKFIkXXEWxtwJr5NiL4CU4Nnkt9EFB/9nNw3NA=="
    },
    "@bbc/psammead-styles": {
      "version": "4.1.0",
      "resolved": "https://registry.npmjs.org/@bbc/psammead-styles/-/psammead-styles-4.1.0.tgz",
      "integrity": "sha512-i9fAfK8zRubcOoMMU5o/WuY5dvtIuSEjr6VxlhGfb9OFII1FjVjj+4eW/iL2Kl5a0DqbM0ob5sBTum3pQ/Uc6w=="
    }
  }
}
