{
  "name": "@bbc/psammead-topic-tags",
  "version": "1.0.0",
  "lockfileVersion": 1,
  "requires": true,
  "dependencies": {
    "@bbc/psammead-styles": {
      "version": "7.2.1",
      "resolved": "https://registry.npmjs.org/@bbc/psammead-styles/-/psammead-styles-7.2.1.tgz",
      "integrity": "sha512-I2wiCo8UFgAaGntW+AOrbeIx3t7RWmF1yLz6Kha2IemhJcPh5u60z+7a8oe+asYYmJdDFWMvrCNXWl4qCe8MMw=="
    }
  }
}
