{
  "name": "@bbc/psammead-podcast-promo",
  "version": "0.1.0-alpha.22",
  "lockfileVersion": 1,
  "requires": true,
  "dependencies": {
    "@bbc/gel-foundations": {
      "version": "6.1.0",
      "resolved": "https://registry.npmjs.org/@bbc/gel-foundations/-/gel-foundations-6.1.0.tgz",
      "integrity": "sha512-bWzYYMe4hrN/EUzr3rEr1psBXJsW3SAXceVVwegY48vOqdfKjwJejOd/Q6u+Ge3GOCR9ZSIailOQmi1174SUrQ=="
    },
    "@bbc/psammead-assets": {
      "version": "3.1.4",
      "resolved": "https://registry.npmjs.org/@bbc/psammead-assets/-/psammead-assets-3.1.4.tgz",
      "integrity": "sha512-w7J7guvS1XR6Vcu6OjxE88WVQHF+VvdgLsA8ihXSwE5mhpTLOFz8wha0IOvWkD1FJ+nVnzHOiw4ENcO0OwC2Fw=="
    },
    "@bbc/psammead-image-placeholder": {
      "version": "3.0.13",
      "resolved": "https://registry.npmjs.org/@bbc/psammead-image-placeholder/-/psammead-image-placeholder-3.0.13.tgz",
      "integrity": "sha512-od1wLpJ/YDXhy5vqhgJkZ6VAC8/kjzUGN/4dJF1UfZmw3OJL2RYzpTJZeLFnSU2nraqgRnvc1R7LkKwr7cgIvA==",
      "requires": {
        "@bbc/psammead-assets": "^3.1.3",
        "@bbc/psammead-styles": "^7.2.0"
      }
    },
    "@bbc/psammead-styles": {
      "version": "7.2.1",
      "resolved": "https://registry.npmjs.org/@bbc/psammead-styles/-/psammead-styles-7.2.1.tgz",
      "integrity": "sha512-I2wiCo8UFgAaGntW+AOrbeIx3t7RWmF1yLz6Kha2IemhJcPh5u60z+7a8oe+asYYmJdDFWMvrCNXWl4qCe8MMw=="
    },
    "@bbc/psammead-visually-hidden-text": {
      "version": "2.0.2",
      "resolved": "https://registry.npmjs.org/@bbc/psammead-visually-hidden-text/-/psammead-visually-hidden-text-2.0.2.tgz",
      "integrity": "sha512-uQ6XRHtRwnOKoTqcesQNE4IUlHqDqml4bi2nC5+8HrYgfHZ3BBpXAjsmToNwjld09uZUBQ2O2CcSKm6eKCYE2g==",
      "dev": true
    }
  }
}
