{
  "name": "@bbc/psammead-podcast-promo",
  "version": "0.1.0-alpha.19",
  "lockfileVersion": 1,
  "requires": true,
  "dependencies": {
    "@bbc/gel-foundations": {
      "version": "6.1.0",
      "resolved": "https://registry.npmjs.org/@bbc/gel-foundations/-/gel-foundations-6.1.0.tgz",
      "integrity": "sha512-bWzYYMe4hrN/EUzr3rEr1psBXJsW3SAXceVVwegY48vOqdfKjwJejOd/Q6u+Ge3GOCR9ZSIailOQmi1174SUrQ=="
    },
    "@bbc/psammead-assets": {
      "version": "3.1.3",
      "resolved": "https://registry.npmjs.org/@bbc/psammead-assets/-/psammead-assets-3.1.3.tgz",
      "integrity": "sha512-RR5k/N2kLd26E+zhGcI4YjFC5SLeYoBhGJOeVi+rfe5gKmw4+1eIEETerYvagmBHle117f9ZqEB67IKfetG2Jg=="
    },
    "@bbc/psammead-image-placeholder": {
      "version": "3.0.12",
      "resolved": "https://registry.npmjs.org/@bbc/psammead-image-placeholder/-/psammead-image-placeholder-3.0.12.tgz",
      "integrity": "sha512-0xqaWSMuEQx8rVBonIq7Ctb1W3Qvx/NqThMOcVeUksWv6Et7kOOsI5LaVnlwFC4Mmtj6R0QrCIVSnPEy5H/Yqw==",
      "requires": {
        "@bbc/psammead-assets": "^3.1.3",
        "@bbc/psammead-styles": "^7.2.0"
      }
    },
    "@bbc/psammead-styles": {
      "version": "7.2.0",
      "resolved": "https://registry.npmjs.org/@bbc/psammead-styles/-/psammead-styles-7.2.0.tgz",
      "integrity": "sha512-Tvshia3KDj1hCcFPWBkC5qagCTVzOSL15GF+vYHAFEhoFyjGAWcdpktVhvbhl8dYU5cP4H18ZTscuTZXuT/Uug=="
    },
    "@bbc/psammead-visually-hidden-text": {
      "version": "2.0.2",
      "resolved": "https://registry.npmjs.org/@bbc/psammead-visually-hidden-text/-/psammead-visually-hidden-text-2.0.2.tgz",
      "integrity": "sha512-uQ6XRHtRwnOKoTqcesQNE4IUlHqDqml4bi2nC5+8HrYgfHZ3BBpXAjsmToNwjld09uZUBQ2O2CcSKm6eKCYE2g==",
      "dev": true
    }
  }
}
