{
  "name": "@bbc/psammead-navigation",
  "version": "6.0.12",
  "lockfileVersion": 1,
  "requires": true,
  "dependencies": {
    "@bbc/gel-foundations": {
      "version": "4.0.1",
      "resolved": "https://registry.npmjs.org/@bbc/gel-foundations/-/gel-foundations-4.0.1.tgz",
      "integrity": "sha512-0h3p8aG9sGbsEu0y8UOQ/d6VoLoFY0KdsOqwSTkIH0+IyDq9LzMLjP4ceDk+gK1qtAMb+SuqitFjllX/9KavCg=="
    },
    "@bbc/psammead-assets": {
      "version": "2.14.0",
      "resolved": "https://registry.npmjs.org/@bbc/psammead-assets/-/psammead-assets-2.14.0.tgz",
      "integrity": "sha512-mkjtc2BIVmtUXy9dTpmKqrzBmlgbPJmIfxDEK4L47LqrXQxrVgf7XFmug3SnQ5okKy7//5/C509V/eLsoTC8VA=="
    },
    "@bbc/psammead-styles": {
      "version": "4.4.1",
      "resolved": "https://registry.npmjs.org/@bbc/psammead-styles/-/psammead-styles-4.4.1.tgz",
      "integrity": "sha512-OMIFVu64LcOGMPd4UnquR6UKrxaCLRSVYF19jRzPgRLHfY4rPWg7HzENeGsf4FsZaDduWY7QE9YKg0rn+5V+Wg=="
    },
    "@bbc/psammead-visually-hidden-text": {
      "version": "1.3.0",
      "resolved": "https://registry.npmjs.org/@bbc/psammead-visually-hidden-text/-/psammead-visually-hidden-text-1.3.0.tgz",
      "integrity": "sha512-Bej+ZZDezk7Mw4zRRFfSwtt/l/Oyny9e9Upd3WDbaWNhwiJUg/PVrhCBQB1j/WPx/hcZLC0IcOyto1ybnzD+eA=="
    }
  }
}
