{
  "name": "@bbc/psammead-navigation",
  "version": "2.2.1",
  "lockfileVersion": 1,
  "requires": true,
  "dependencies": {
    "@bbc/gel-foundations": {
      "version": "3.3.0",
      "resolved": "https://registry.npmjs.org/@bbc/gel-foundations/-/gel-foundations-3.3.0.tgz",
      "integrity": "sha512-+YvWegGFyl9Omv8BEvcDvLzh6e1ZVDBWNkYujfbxuVvCv/qA6BaOAczPanotMCLal8RziwALnuQZzAfbuq/QmA=="
    },
    "@bbc/psammead-styles": {
      "version": "2.1.0",
      "resolved": "https://registry.npmjs.org/@bbc/psammead-styles/-/psammead-styles-2.1.0.tgz",
      "integrity": "sha512-6u7tjnG3iANWfp/28s9AQVoZG8vTkHH5ibf3VB9u7s5M+G0TnNaelo1BsRxKoMDl1ySMiJyevxQqgmx7YCESrw=="
    },
    "@bbc/psammead-visually-hidden-text": {
      "version": "1.2.0",
      "resolved": "https://registry.npmjs.org/@bbc/psammead-visually-hidden-text/-/psammead-visually-hidden-text-1.2.0.tgz",
      "integrity": "sha512-oJv1y1w5xrnIExYe24mamaSudSo0AWlND1D4t1hNaWpKfjgfU3et80UkCMCMmhgB+nZ/zmnFPR82I8KYIO3zjg=="
    }
  }
}
