{
  "name": "@bbc/psammead-navigation",
  "version": "2.3.5",
  "lockfileVersion": 1,
  "requires": true,
  "dependencies": {
    "@bbc/gel-foundations": {
      "version": "3.4.0",
      "resolved": "https://registry.npmjs.org/@bbc/gel-foundations/-/gel-foundations-3.4.0.tgz",
      "integrity": "sha512-WuewciWzvSb/WKhUGSvIoighqCdXGN2PsVQbZbUo5/eWi5+o3O8uoojUpeQeRZMYWLsLVELPHr6qJDuqKghXKA=="
    },
    "@bbc/psammead-styles": {
      "version": "4.0.1",
      "resolved": "https://registry.npmjs.org/@bbc/psammead-styles/-/psammead-styles-4.0.1.tgz",
      "integrity": "sha512-2saGHPEeEkdkn5GTBjzdLtXnkY/qov26++gwrSoeZWMwVQZPuNuqB6nFinNsLj0vrgCPPcGnnCAQknVmkpsHfA=="
    },
    "@bbc/psammead-visually-hidden-text": {
      "version": "1.2.2",
      "resolved": "https://registry.npmjs.org/@bbc/psammead-visually-hidden-text/-/psammead-visually-hidden-text-1.2.2.tgz",
      "integrity": "sha512-+NwiLa1mk6Ed7gWwYtoT9HPgCi6L0+ilbEE+gdBk3SuoUwtnH+Fz3shJmfdmRU9tTsR1p1EYOT0adoD/Z7p9KA=="
    }
  }
}
