{
  "name": "@bbc/psammead-grid",
  "version": "1.0.0-alpha.6",
  "lockfileVersion": 1,
  "requires": true,
  "dependencies": {
    "@bbc/gel-foundations": {
      "version": "3.4.0",
      "resolved": "https://registry.npmjs.org/@bbc/gel-foundations/-/gel-foundations-3.4.0.tgz",
      "integrity": "sha512-WuewciWzvSb/WKhUGSvIoighqCdXGN2PsVQbZbUo5/eWi5+o3O8uoojUpeQeRZMYWLsLVELPHr6qJDuqKghXKA=="
    },
    "@bbc/psammead-styles": {
      "version": "4.0.4",
      "resolved": "https://registry.npmjs.org/@bbc/psammead-styles/-/psammead-styles-4.0.4.tgz",
      "integrity": "sha512-fuXGMxNZYhvd/U8TwW10P+m5wfdjMyb0nofwiH9fjqdwKkHI3RaEm138eOGmPyB3IpHfObhqUoT2u4ulsNrY/w=="
    }
  }
}
