{
  "name": "@bbc/psammead-grid",
  "version": "1.0.0-alpha.8",
  "lockfileVersion": 1,
  "requires": true,
  "dependencies": {
    "@bbc/gel-foundations": {
      "version": "3.4.1",
      "resolved": "https://registry.npmjs.org/@bbc/gel-foundations/-/gel-foundations-3.4.1.tgz",
      "integrity": "sha512-twwL0UcFrvq9w3O92PvkJRo+wThLqWLrxgFxxn8kwR1pni1wS6lhr3IwUPym4juS2hlTy/5C0/QiycB05IQhLg=="
    },
    "@bbc/psammead-styles": {
      "version": "4.0.4",
      "resolved": "https://registry.npmjs.org/@bbc/psammead-styles/-/psammead-styles-4.0.4.tgz",
      "integrity": "sha512-fuXGMxNZYhvd/U8TwW10P+m5wfdjMyb0nofwiH9fjqdwKkHI3RaEm138eOGmPyB3IpHfObhqUoT2u4ulsNrY/w=="
    }
  }
}
