{
  "name": "@bbc/psammead-grid",
  "version": "3.0.13",
  "lockfileVersion": 1,
  "requires": true,
  "dependencies": {
    "@bbc/gel-foundations": {
      "version": "6.1.0",
      "resolved": "https://registry.npmjs.org/@bbc/gel-foundations/-/gel-foundations-6.1.0.tgz",
      "integrity": "sha512-bWzYYMe4hrN/EUzr3rEr1psBXJsW3SAXceVVwegY48vOqdfKjwJejOd/Q6u+Ge3GOCR9ZSIailOQmi1174SUrQ=="
    },
    "@bbc/psammead-styles": {
      "version": "7.2.0",
      "resolved": "https://registry.npmjs.org/@bbc/psammead-styles/-/psammead-styles-7.2.0.tgz",
      "integrity": "sha512-Tvshia3KDj1hCcFPWBkC5qagCTVzOSL15GF+vYHAFEhoFyjGAWcdpktVhvbhl8dYU5cP4H18ZTscuTZXuT/Uug=="
    }
  }
}
