{
  "name": "@bbc/psammead-image-placeholder",
  "version": "1.2.15",
  "lockfileVersion": 1,
  "requires": true,
  "dependencies": {
    "@bbc/psammead-assets": {
      "version": "2.4.1",
      "resolved": "https://registry.npmjs.org/@bbc/psammead-assets/-/psammead-assets-2.4.1.tgz",
      "integrity": "sha512-ARJodaVdDkRUTf5FmK34J/FbpstPiQl6innPsaUKxQ6YiLWm9uzhywJNpH6yRYAPkjpG0bfkXLNfVftr/S9Zew=="
    },
    "@bbc/psammead-styles": {
      "version": "4.0.1",
      "resolved": "https://registry.npmjs.org/@bbc/psammead-styles/-/psammead-styles-4.0.1.tgz",
      "integrity": "sha512-2saGHPEeEkdkn5GTBjzdLtXnkY/qov26++gwrSoeZWMwVQZPuNuqB6nFinNsLj0vrgCPPcGnnCAQknVmkpsHfA=="
    }
  }
}
