{
  "name": "@bbc/psammead-image-placeholder",
  "version": "1.1.4",
  "lockfileVersion": 1,
  "requires": true,
  "dependencies": {
    "@bbc/psammead-assets": {
      "version": "2.0.1",
      "resolved": "https://registry.npmjs.org/@bbc/psammead-assets/-/psammead-assets-2.0.1.tgz",
      "integrity": "sha512-0qxksewaHU+n0PhRXG213m7/OxtF3HAszPOvug4abbvwdSWqI2fYSI8uzPcMHCUY7CNf50zEjnQzow/umTjp1w=="
    },
    "@bbc/psammead-styles": {
      "version": "2.0.2",
      "resolved": "https://registry.npmjs.org/@bbc/psammead-styles/-/psammead-styles-2.0.2.tgz",
      "integrity": "sha512-Fpazc8Q0/ishOhn2X/Z5yZnzAnLDcK9G4fUDwojALYwAIs1qi3o47U5gY14bhTa+MKxI0nLQyQJ69IYR0nsoxA=="
    }
  }
}
