{
  "name": "@bbc/psammead-image-placeholder",
  "version": "1.2.5",
  "lockfileVersion": 1,
  "requires": true,
  "dependencies": {
    "@bbc/psammead-assets": {
      "version": "2.2.3",
      "resolved": "https://registry.npmjs.org/@bbc/psammead-assets/-/psammead-assets-2.2.3.tgz",
      "integrity": "sha512-FULwr/aQeScezLvNSfK+UKUSH8kQexAvKRrEaX1WewtyBjPck7QeoPXHGAD6Vo+TN7WU4G1gY5s0he9mJUrfIw=="
    },
    "@bbc/psammead-styles": {
      "version": "2.1.2",
      "resolved": "https://registry.npmjs.org/@bbc/psammead-styles/-/psammead-styles-2.1.2.tgz",
      "integrity": "sha512-DT1Z3in3J1At5ZhzUdKzW73ZA5pPZG9HXgExZ/y0hlSyO0vBtH5xYEsB3B4Cu32T9JbU6+07624MJ351OcwzEw=="
    }
  }
}
