# THIS IS AN AUTOGENERATED FILE. DO NOT EDIT THIS FILE DIRECTLY.
# yarn lockfile v1


"@bbc/psammead-assets@^2.14.1":
  version "2.14.1"
  resolved "https://registry.yarnpkg.com/@bbc/psammead-assets/-/psammead-assets-2.14.1.tgz#1d24c42bc9cd83f2d898fcfd9a8e51049ec7afe5"
  integrity sha512-/QoNnowCBQh1mLB05nT8dxdf2Ud2U7GYbbBB/tescO68oIPlj/cLMJOXQc9sUQPxVgQQCQeA0Ls/o8dIOpry3Q==

"@bbc/psammead-styles@^4.4.3":
  version "4.4.3"
  resolved "https://registry.yarnpkg.com/@bbc/psammead-styles/-/psammead-styles-4.4.3.tgz#4f92d57f45a513be5c4e6507d323e8ee976005ca"
  integrity sha512-KxtxY3m03wcQIv4l75VdutPFAGySVocrvTiYX+TLeoB32ENU1Leke7stkkkEWj5CfVLdCHksCG/OAHX0239cUw==
