{
  "name": "@bbc/psammead-live-label",
  "version": "2.0.4",
  "lockfileVersion": 1,
  "requires": true,
  "dependencies": {
    "@bbc/gel-foundations": {
      "version": "5.0.1",
      "resolved": "https://registry.npmjs.org/@bbc/gel-foundations/-/gel-foundations-5.0.1.tgz",
      "integrity": "sha512-NN4+0UiAvbFE/cxXH80Tq9R7BB+y25U70L6/03JhyGI8zPd2pj90G9MJPIKDoUNHMKwiIqbivM51dR5rlh7RBQ=="
    },
    "@bbc/psammead-styles": {
      "version": "7.0.0",
      "resolved": "https://registry.npmjs.org/@bbc/psammead-styles/-/psammead-styles-7.0.0.tgz",
      "integrity": "sha512-sZa4xfLFmT2dBXOjTtDWcz3785dvFluyARsNYeU3rr+Hy7+PtZd03Px9VxsCaS3b61gtVrRQ1FNDe+QMZDe5ZQ=="
    },
    "@bbc/psammead-visually-hidden-text": {
      "version": "2.0.1",
      "resolved": "https://registry.npmjs.org/@bbc/psammead-visually-hidden-text/-/psammead-visually-hidden-text-2.0.1.tgz",
      "integrity": "sha512-n9SBNfxEqBz87UHxsW4321X47AETauejPGaMCIntqiEjL9IwUTExMe8fPGHbJZdT1QCXRhs5qkGDx1UfmZfxzw=="
    }
  }
}
