{
  "name": "@bbc/psammead-media-player",
  "version": "2.3.4",
  "lockfileVersion": 1,
  "requires": true,
  "dependencies": {
    "@bbc/gel-foundations": {
      "version": "3.4.1",
      "resolved": "https://registry.npmjs.org/@bbc/gel-foundations/-/gel-foundations-3.4.1.tgz",
      "integrity": "sha512-twwL0UcFrvq9w3O92PvkJRo+wThLqWLrxgFxxn8kwR1pni1wS6lhr3IwUPym4juS2hlTy/5C0/QiycB05IQhLg=="
    },
    "@bbc/psammead-assets": {
      "version": "2.10.1",
      "resolved": "https://registry.npmjs.org/@bbc/psammead-assets/-/psammead-assets-2.10.1.tgz",
      "integrity": "sha512-3v9i+8zVBw1FuYRpl8lnQA2oD1gmgV+gq+2qsnxGZ/Vle0RveKFIkXXEWxtwJr5NiL4CU4Nnkt9EFB/9nNw3NA=="
    },
    "@bbc/psammead-image": {
      "version": "1.2.4",
      "resolved": "https://registry.npmjs.org/@bbc/psammead-image/-/psammead-image-1.2.4.tgz",
      "integrity": "sha512-1v9jM7RCizOqtCbUpuyK/YXb0UfskaAMwr2mhu+P38C/PNrhj2yIxtK820bWd/zpuKccFntOG70L4KHVO0W8hw=="
    },
    "@bbc/psammead-play-button": {
      "version": "1.1.2",
      "resolved": "https://registry.npmjs.org/@bbc/psammead-play-button/-/psammead-play-button-1.1.2.tgz",
      "integrity": "sha512-L9G7yIYrW6K9+0hEw5ZziB898vShaQIW8NU/Lpj9Zp13mhsz3OZBM2eFmErb3npRfosy+E58Dp7HncNmz/iJmw==",
      "requires": {
        "@bbc/gel-foundations": "^3.4.1",
        "@bbc/psammead-assets": "^2.10.1",
        "@bbc/psammead-styles": "^4.1.1"
      }
    },
    "@bbc/psammead-styles": {
      "version": "4.1.2",
      "resolved": "https://registry.npmjs.org/@bbc/psammead-styles/-/psammead-styles-4.1.2.tgz",
      "integrity": "sha512-uTbY50dJueJnJbU/n7XArN4HzM4mtGaG82nWw1BAjuuaR0q9h5MLP3Rt4NsUslZiKl09yUnqp/dFySJNi9mWZQ=="
    }
  }
}
