{
  "name": "@bbc/psammead-media-player",
  "version": "1.1.1-alpha.6",
  "lockfileVersion": 1,
  "requires": true,
  "dependencies": {
    "@bbc/psammead-image": {
      "version": "1.2.2",
      "resolved": "https://registry.npmjs.org/@bbc/psammead-image/-/psammead-image-1.2.2.tgz",
      "integrity": "sha512-iGlRJbpgx/CcgyqaW8P3AMGRsTJArmlhXr9lzvfNovpp2J4dqbXw6HQcuJ7D8dN8bGfTpjEIGPRepzOf0XUvRA=="
    }
  }
}
