{
  "name": "@bbc/psammead-media-player",
  "version": "2.8.0",
  "lockfileVersion": 1,
  "requires": true,
  "dependencies": {
    "@bbc/gel-foundations": {
      "version": "4.2.0",
      "resolved": "https://registry.npmjs.org/@bbc/gel-foundations/-/gel-foundations-4.2.0.tgz",
      "integrity": "sha512-zqOGLKAjGtYI/7lCXOaNB6sEbCMQ12YyFogCsSXvNcndgxFdKCOn0037HLXkh4WXzp5Ce3oWbHIbHDNe1iKRwg=="
    },
    "@bbc/psammead-assets": {
      "version": "2.14.1",
      "resolved": "https://registry.npmjs.org/@bbc/psammead-assets/-/psammead-assets-2.14.1.tgz",
      "integrity": "sha512-/QoNnowCBQh1mLB05nT8dxdf2Ud2U7GYbbBB/tescO68oIPlj/cLMJOXQc9sUQPxVgQQCQeA0Ls/o8dIOpry3Q=="
    },
    "@bbc/psammead-image": {
      "version": "1.2.4",
      "resolved": "https://registry.npmjs.org/@bbc/psammead-image/-/psammead-image-1.2.4.tgz",
      "integrity": "sha512-1v9jM7RCizOqtCbUpuyK/YXb0UfskaAMwr2mhu+P38C/PNrhj2yIxtK820bWd/zpuKccFntOG70L4KHVO0W8hw=="
    },
    "@bbc/psammead-image-placeholder": {
      "version": "1.2.37",
      "resolved": "https://registry.npmjs.org/@bbc/psammead-image-placeholder/-/psammead-image-placeholder-1.2.37.tgz",
      "integrity": "sha512-knXWF5g+ksIr+x2X0zl6f3X1ThLylixbwVUUZXhSMgnHtzAaXD8mS0ss8+dzLK6uqI7fz/XVk0VoGXOuaKSCEg==",
      "requires": {
        "@bbc/psammead-assets": "^2.14.1",
        "@bbc/psammead-styles": "^4.4.0"
      }
    },
    "@bbc/psammead-play-button": {
      "version": "1.1.19",
      "resolved": "https://registry.npmjs.org/@bbc/psammead-play-button/-/psammead-play-button-1.1.19.tgz",
      "integrity": "sha512-IEvsXwXjxoQ+8x483VaMDPjASXT61YVzJR6U8ahSNA43oF4ArL7FdTRvKU6M5VmFwOPYjlwljqdMG3F7AQAdFQ==",
      "requires": {
        "@bbc/gel-foundations": "^4.2.0",
        "@bbc/psammead-assets": "^2.14.1",
        "@bbc/psammead-styles": "^4.4.0"
      }
    },
    "@bbc/psammead-styles": {
      "version": "4.4.1",
      "resolved": "https://registry.npmjs.org/@bbc/psammead-styles/-/psammead-styles-4.4.1.tgz",
      "integrity": "sha512-OMIFVu64LcOGMPd4UnquR6UKrxaCLRSVYF19jRzPgRLHfY4rPWg7HzENeGsf4FsZaDduWY7QE9YKg0rn+5V+Wg=="
    }
  }
}
