# THIS IS AN AUTOGENERATED FILE. DO NOT EDIT THIS FILE DIRECTLY.
# yarn lockfile v1


"@bbc/gel-foundations@^6.1.1":
  version "6.1.1"
  resolved "https://registry.yarnpkg.com/@bbc/gel-foundations/-/gel-foundations-6.1.1.tgz#3284ec65018a9494d3f594800fdf7d8a097390e0"
  integrity sha512-IDJxmb45hhC6DjbEOcS0Y/P85xLymNeaZ1v1EAGaYX7ErnYlVH8y9wCf4dQzcImWNwOYKUjXZiLJnAA7YSQrtA==

"@bbc/psammead-assets@^3.1.5":
  version "3.1.5"
  resolved "https://registry.yarnpkg.com/@bbc/psammead-assets/-/psammead-assets-3.1.5.tgz#a0448930d5aef020b670b77e65420ded296e150d"
  integrity sha512-ITTfnuup0KLt2oF7rcWUB287ZNSmf8346SWzovv/tJ8RV0qppWyjFJaOTxfnxMjZcU3UkuH20Qf25JJq3Rjt1A==

"@bbc/psammead-image-placeholder@^3.1.0":
  version "3.1.0"
  resolved "https://registry.yarnpkg.com/@bbc/psammead-image-placeholder/-/psammead-image-placeholder-3.1.0.tgz#2d5291d6c2f1e7e4a5a173b62de06a013fd513f1"
  integrity sha512-Dfq6t+wx5vVDePGKJdZAR0G/cNAKc0dKsbfOPFAjkhU5vWwlhVgEj4pqlcDSwZ9Gbuw43p4T8/jbPsnZGsAsWQ==
  dependencies:
    "@bbc/psammead-assets" "^3.1.5"
    "@bbc/psammead-styles" "^7.2.2"

"@bbc/psammead-image@^2.0.4":
  version "2.0.4"
  resolved "https://registry.yarnpkg.com/@bbc/psammead-image/-/psammead-image-2.0.4.tgz#fb52d48ad92b5f14700536561501af84de663b3c"
  integrity sha512-BnVnxx2vuIwqzcaFmvYL9jwjZKY79iLkBCc07FESqv+NXRO+0adQhCuVODIHnyTcNMa+rsipW0fNNF94Klw3Ow==
  dependencies:
    ramda "^0.27.1"

"@bbc/psammead-play-button@^3.0.16":
  version "3.0.16"
  resolved "https://registry.yarnpkg.com/@bbc/psammead-play-button/-/psammead-play-button-3.0.16.tgz#f5a3987506e1c61f710671c951735d261b228314"
  integrity sha512-8XHRDmqwAe1gvNSQGZzMpsWWu7PB+13GEK//JL/gV1thJ56ZQYe34OXqU1KQG05eZwlFPTnpJsD1jJmCwiv5HA==
  dependencies:
    "@bbc/gel-foundations" "^6.1.1"
    "@bbc/psammead-assets" "^3.1.5"
    "@bbc/psammead-styles" "^7.2.2"

"@bbc/psammead-styles@^7.2.2":
  version "7.2.2"
  resolved "https://registry.yarnpkg.com/@bbc/psammead-styles/-/psammead-styles-7.2.2.tgz#628642ec22e7199212749066e18bd22b47823be0"
  integrity sha512-TbR/2nvvkkDPcl+VIs6HvZkNlXtLLjJs0eyKIOXMHSWnxoNbcvy3aYpLzS4d7iXrJR7hPFg8f1MrUjGXIWEziw==

ramda@^0.27.1:
  version "0.27.1"
  resolved "https://registry.yarnpkg.com/ramda/-/ramda-0.27.1.tgz#66fc2df3ef873874ffc2da6aa8984658abacf5c9"
  integrity sha512-PgIdVpn5y5Yns8vqb8FzBUEYn98V3xcPgawAkkgj0YJ0qDsnHCiNmZYfOGMgOvoB0eWFLpYbhxUR3mxfDIMvpw==
