# THIS IS AN AUTOGENERATED FILE. DO NOT EDIT THIS FILE DIRECTLY.
# yarn lockfile v1


"@bbc/gel-foundations@^6.1.1":
  version "6.1.1"
  resolved "https://registry.yarnpkg.com/@bbc/gel-foundations/-/gel-foundations-6.1.1.tgz#3284ec65018a9494d3f594800fdf7d8a097390e0"
  integrity sha512-IDJxmb45hhC6DjbEOcS0Y/P85xLymNeaZ1v1EAGaYX7ErnYlVH8y9wCf4dQzcImWNwOYKUjXZiLJnAA7YSQrtA==

"@bbc/psammead-assets@^3.1.5":
  version "3.1.5"
  resolved "https://registry.yarnpkg.com/@bbc/psammead-assets/-/psammead-assets-3.1.5.tgz#a0448930d5aef020b670b77e65420ded296e150d"
  integrity sha512-ITTfnuup0KLt2oF7rcWUB287ZNSmf8346SWzovv/tJ8RV0qppWyjFJaOTxfnxMjZcU3UkuH20Qf25JJq3Rjt1A==

"@bbc/psammead-assets@^3.1.6":
  version "3.1.6"
  resolved "https://registry.yarnpkg.com/@bbc/psammead-assets/-/psammead-assets-3.1.6.tgz#1add54aec6d2ba6b4294a194fdea9de36c28ee4c"
  integrity sha512-k+hQ92K2f1kvATxna9EqTCEIaOqez1OxdWiBHWwjoLiEuBw1HfOPED4T0GAI/fZq+r27CWwCadv5gcG2WBftVg==

"@bbc/psammead-image-placeholder@^3.0.16":
  version "3.0.16"
  resolved "https://registry.yarnpkg.com/@bbc/psammead-image-placeholder/-/psammead-image-placeholder-3.0.16.tgz#242027c646c8ee65a7dadd972fc29789e518912d"
  integrity sha512-oB9Zn/K9Dy8vxEpU6RNohOeWNRMzqO+B6ucU/veiXHa9Jt6PJgAZCGhOUFyTcRuy92Fg3YYGB/+8J41ekxE05Q==
  dependencies:
    "@bbc/psammead-assets" "^3.1.5"
    "@bbc/psammead-styles" "^7.2.2"

"@bbc/psammead-image@^2.0.5":
  version "2.0.5"
  resolved "https://registry.yarnpkg.com/@bbc/psammead-image/-/psammead-image-2.0.5.tgz#401fd3e61b7a23fa829f642ca4c4612541c03d9e"
  integrity sha512-pbxkRyQtehlcGLh9ZGYTo3JqM9gMluz3Ljbgq8zyKi5WKpjQep3lZg1nUlRd8VzG4I+StS7IMdxlE/gydVL1tA==
  dependencies:
    ramda "^0.27.1"

"@bbc/psammead-play-button@^3.0.17":
  version "3.0.17"
  resolved "https://registry.yarnpkg.com/@bbc/psammead-play-button/-/psammead-play-button-3.0.17.tgz#2239a8548805d5a06ccc3a6e22f45b4561e59b94"
  integrity sha512-vSAkMBk2NqASfXwVqUiU7vvxX10pEPyOP0sOo93pdCCVOXt+57dQ5OGoDPSyr7Ah/72/8PAVM7YmsJyapgi+qQ==
  dependencies:
    "@bbc/gel-foundations" "^6.1.1"
    "@bbc/psammead-assets" "^3.1.5"
    "@bbc/psammead-styles" "^7.2.2"

"@bbc/psammead-styles@^7.2.2":
  version "7.2.2"
  resolved "https://registry.yarnpkg.com/@bbc/psammead-styles/-/psammead-styles-7.2.2.tgz#628642ec22e7199212749066e18bd22b47823be0"
  integrity sha512-TbR/2nvvkkDPcl+VIs6HvZkNlXtLLjJs0eyKIOXMHSWnxoNbcvy3aYpLzS4d7iXrJR7hPFg8f1MrUjGXIWEziw==

ramda@^0.27.1:
  version "0.27.1"
  resolved "https://registry.yarnpkg.com/ramda/-/ramda-0.27.1.tgz#66fc2df3ef873874ffc2da6aa8984658abacf5c9"
  integrity sha512-PgIdVpn5y5Yns8vqb8FzBUEYn98V3xcPgawAkkgj0YJ0qDsnHCiNmZYfOGMgOvoB0eWFLpYbhxUR3mxfDIMvpw==
