# THIS IS AN AUTOGENERATED FILE. DO NOT EDIT THIS FILE DIRECTLY.
# yarn lockfile v1


"@bbc/gel-foundations@^4.3.0":
  version "4.3.0"
  resolved "https://registry.yarnpkg.com/@bbc/gel-foundations/-/gel-foundations-4.3.0.tgz#093da9b309af554a349e73e0fd0de6ac609705ca"
  integrity sha512-KyEDfA8ibVK6ZKhBABa+RLEkCNq7ixHxmJyz4pQwA+cqsqyW2F49CCZ6dNsHJ65HCfHa2k55rzvwnQAP21IP2Q==

"@bbc/psammead-assets@^2.14.1":
  version "2.14.1"
  resolved "https://registry.yarnpkg.com/@bbc/psammead-assets/-/psammead-assets-2.14.1.tgz#1d24c42bc9cd83f2d898fcfd9a8e51049ec7afe5"
  integrity sha512-/QoNnowCBQh1mLB05nT8dxdf2Ud2U7GYbbBB/tescO68oIPlj/cLMJOXQc9sUQPxVgQQCQeA0Ls/o8dIOpry3Q==

"@bbc/psammead-image-placeholder@^1.2.43":
  version "1.2.43"
  resolved "https://registry.yarnpkg.com/@bbc/psammead-image-placeholder/-/psammead-image-placeholder-1.2.43.tgz#f71e380dac44a3705390dc79b70f609119c376e1"
  integrity sha512-OxSyqL3EhrPLXo5q1UPzcP3QKpnt/ryZ1GKKb5V1PhLjnZdXW80TJDVlEqhslMxnofAo1Rp9Pk17ix5lyzDDGg==
  dependencies:
    "@bbc/psammead-assets" "^2.14.1"
    "@bbc/psammead-styles" "^4.4.3"

"@bbc/psammead-image@^1.2.4":
  version "1.2.4"
  resolved "https://registry.yarnpkg.com/@bbc/psammead-image/-/psammead-image-1.2.4.tgz#2ed084de4fdb521526025dfcfcd6430d90039b20"
  integrity sha512-1v9jM7RCizOqtCbUpuyK/YXb0UfskaAMwr2mhu+P38C/PNrhj2yIxtK820bWd/zpuKccFntOG70L4KHVO0W8hw==

"@bbc/psammead-play-button@^1.1.22":
  version "1.1.22"
  resolved "https://registry.yarnpkg.com/@bbc/psammead-play-button/-/psammead-play-button-1.1.22.tgz#14a44718e0cb6e77dfec58f21f33fad269a00fcf"
  integrity sha512-++nZhX2GxtOg8nbhD7rAAYxCd9/fl7sCZtJpBOSXo/BvstndqfaQPLLMfVfEIctzWrQulE+FBj8tQuEQyPeD9A==
  dependencies:
    "@bbc/gel-foundations" "^4.3.0"
    "@bbc/psammead-assets" "^2.14.1"
    "@bbc/psammead-styles" "^4.4.3"

"@bbc/psammead-styles@^4.4.3":
  version "4.4.3"
  resolved "https://registry.yarnpkg.com/@bbc/psammead-styles/-/psammead-styles-4.4.3.tgz#4f92d57f45a513be5c4e6507d323e8ee976005ca"
  integrity sha512-KxtxY3m03wcQIv4l75VdutPFAGySVocrvTiYX+TLeoB32ENU1Leke7stkkkEWj5CfVLdCHksCG/OAHX0239cUw==
