{
  "name": "@bbc/psammead-sitewide-links",
  "version": "4.0.8",
  "lockfileVersion": 1,
  "requires": true,
  "dependencies": {
    "@bbc/gel-foundations": {
      "version": "4.0.0",
      "resolved": "https://registry.npmjs.org/@bbc/gel-foundations/-/gel-foundations-4.0.0.tgz",
      "integrity": "sha512-PRXGmrNFJ4DQDw+ZV48skmihBkK/vMN1rhO91O0qkGc1tpVXrdRfTMLsb9mmw/TCS7PRlzrq40g2lnX7zOmHTw=="
    },
    "@bbc/psammead-styles": {
      "version": "4.3.0",
      "resolved": "https://registry.npmjs.org/@bbc/psammead-styles/-/psammead-styles-4.3.0.tgz",
      "integrity": "sha512-bgYd7pGMK7cbWsY2pq2nxbHWdPSW5ZIzEefDJ3xMi9FknwDQDO6m9OJ67TaovWNaPJvduVB9no7V+2eAuity7w=="
    }
  }
}
