{
  "name": "@bbc/psammead-radio-schedule",
  "version": "0.1.0-alpha.10",
  "lockfileVersion": 1,
  "requires": true,
  "dependencies": {
    "@bbc/gel-foundations": {
      "version": "4.0.1",
      "resolved": "https://registry.npmjs.org/@bbc/gel-foundations/-/gel-foundations-4.0.1.tgz",
      "integrity": "sha512-0h3p8aG9sGbsEu0y8UOQ/d6VoLoFY0KdsOqwSTkIH0+IyDq9LzMLjP4ceDk+gK1qtAMb+SuqitFjllX/9KavCg=="
    },
    "@bbc/psammead-assets": {
      "version": "2.13.0",
      "resolved": "https://registry.npmjs.org/@bbc/psammead-assets/-/psammead-assets-2.13.0.tgz",
      "integrity": "sha512-s/Gt06FMYY57m2uUVq2QaPm/ZBK4duO5NPmxjPLqyG4PKZbvV05XuFky9TrWuwYgJV4haPTMaI6JfT9tA4aGjw=="
    },
    "@bbc/psammead-styles": {
      "version": "4.3.0",
      "resolved": "https://registry.npmjs.org/@bbc/psammead-styles/-/psammead-styles-4.3.0.tgz",
      "integrity": "sha512-bgYd7pGMK7cbWsY2pq2nxbHWdPSW5ZIzEefDJ3xMi9FknwDQDO6m9OJ67TaovWNaPJvduVB9no7V+2eAuity7w=="
    },
    "@bbc/psammead-timestamp": {
      "version": "2.2.24",
      "resolved": "https://registry.npmjs.org/@bbc/psammead-timestamp/-/psammead-timestamp-2.2.24.tgz",
      "integrity": "sha512-i5xSxWUwzRFVh/f1nQ+kwZLeR45zq/SINA8Et5IY/kIMhvTwcr2IMnVB6EEA+/lRuDj0xRVm9g20XErVgqtz7w==",
      "requires": {
        "@bbc/gel-foundations": "^3.4.3",
        "@bbc/psammead-styles": "^4.3.0"
      },
      "dependencies": {
        "@bbc/gel-foundations": {
          "version": "3.4.3",
          "resolved": "https://registry.npmjs.org/@bbc/gel-foundations/-/gel-foundations-3.4.3.tgz",
          "integrity": "sha512-rOPuintdkftYDE0GcY8B5K/AR5tLAMv7E+jD0plk32aEBojTXgttSYW9Da4NBKxLw69N9Px29YEu1CU0is1j9w=="
        }
      }
    },
    "@bbc/psammead-timestamp-container": {
      "version": "2.7.3",
      "resolved": "https://registry.npmjs.org/@bbc/psammead-timestamp-container/-/psammead-timestamp-container-2.7.3.tgz",
      "integrity": "sha512-p7zFKJ+fgYIdAbyH5BP00Fcv138USFs2KOp7kfY4/hdnPi1JnFiMAslyyYTEN1F/AADCh1Z3z9SlJtiLJ0JYIw==",
      "requires": {
        "@bbc/gel-foundations": "^3.4.3",
        "@bbc/psammead-timestamp": "^2.2.24",
        "moment-timezone": "^0.5.26"
      },
      "dependencies": {
        "@bbc/gel-foundations": {
          "version": "3.4.3",
          "resolved": "https://registry.npmjs.org/@bbc/gel-foundations/-/gel-foundations-3.4.3.tgz",
          "integrity": "sha512-rOPuintdkftYDE0GcY8B5K/AR5tLAMv7E+jD0plk32aEBojTXgttSYW9Da4NBKxLw69N9Px29YEu1CU0is1j9w=="
        }
      }
    },
    "moment": {
      "version": "2.24.0",
      "resolved": "https://registry.npmjs.org/moment/-/moment-2.24.0.tgz",
      "integrity": "sha512-bV7f+6l2QigeBBZSM/6yTNq4P2fNpSWj/0e7jQcy87A8e7o2nAfP/34/2ky5Vw4B9S446EtIhodAzkFCcR4dQg=="
    },
    "moment-timezone": {
      "version": "0.5.27",
      "resolved": "https://registry.npmjs.org/moment-timezone/-/moment-timezone-0.5.27.tgz",
      "integrity": "sha512-EIKQs7h5sAsjhPCqN6ggx6cEbs94GK050254TIJySD1bzoM5JTYDwAU1IoVOeTOL6Gm27kYJ51/uuvq1kIlrbw==",
      "requires": {
        "moment": ">= 2.9.0"
      }
    }
  }
}
