{
  "name": "@bbc/psammead-radio-schedule",
  "version": "5.1.0",
  "lockfileVersion": 1,
  "requires": true,
  "dependencies": {
    "@bbc/gel-foundations": {
      "version": "6.0.0",
      "resolved": "https://registry.npmjs.org/@bbc/gel-foundations/-/gel-foundations-6.0.0.tgz",
      "integrity": "sha512-4J5bASYmI5i7tniJkDpN7ZDlWHgZEvS4Ij4CEiVSQ1dz9zGzoWu8A3yBJ5cyAs2MTX97ZgHV8ZDR9les9C9CcQ=="
    },
    "@bbc/psammead-assets": {
      "version": "3.1.0",
      "resolved": "https://registry.npmjs.org/@bbc/psammead-assets/-/psammead-assets-3.1.0.tgz",
      "integrity": "sha512-C546ocXZdafe09aTJu/aWTEjRtGM4kdvapvj4YwG0Csk7HPze7scSO4R2ySUieTGW/Vhm86U7cQGOd8iVvVNxQ=="
    },
    "@bbc/psammead-detokeniser": {
      "version": "1.0.0",
      "resolved": "https://registry.npmjs.org/@bbc/psammead-detokeniser/-/psammead-detokeniser-1.0.0.tgz",
      "integrity": "sha512-xhGwisJtIy+6aCaQtCSr+YcfiqYlCyhri2+4I7AUDPHRv4PSU3Jz1gHBo/6UMOpjustv5BJV4DIzgFQmUfT5yw=="
    },
    "@bbc/psammead-live-label": {
      "version": "2.0.6",
      "resolved": "https://registry.npmjs.org/@bbc/psammead-live-label/-/psammead-live-label-2.0.6.tgz",
      "integrity": "sha512-e4GPLlAZNv4NSOkweEVnQMlxA5dvg1F5Oq90qJ5J4qEI7v2IIoGwTF6M3ahd8jE3KhTCFBDMpggALANJ/d4L6g==",
      "requires": {
        "@bbc/gel-foundations": "^6.0.0",
        "@bbc/psammead-styles": "^7.0.1",
        "@bbc/psammead-visually-hidden-text": "^2.0.1"
      }
    },
    "@bbc/psammead-styles": {
      "version": "7.0.1",
      "resolved": "https://registry.npmjs.org/@bbc/psammead-styles/-/psammead-styles-7.0.1.tgz",
      "integrity": "sha512-QGgLxJNpOPVAa9XHrCaY8NkU3JDcF65+RO438ZB8v0kZMDJeJvdmF/waZt98POtV/ky2CULhPu5YF4bQi0Omiw=="
    },
    "@bbc/psammead-timestamp": {
      "version": "4.0.5",
      "resolved": "https://registry.npmjs.org/@bbc/psammead-timestamp/-/psammead-timestamp-4.0.5.tgz",
      "integrity": "sha512-2YCQY4SBSeXWdxY6BZg/Dh9WtwiwCafbdKG3CpofJo2p/hmmNRMKkaX4VsBGytSqxV8A/LtzKXZtfHEI8bPoUw==",
      "requires": {
        "@bbc/gel-foundations": "^6.0.0",
        "@bbc/psammead-styles": "^7.0.1"
      }
    },
    "@bbc/psammead-timestamp-container": {
      "version": "5.0.13",
      "resolved": "https://registry.npmjs.org/@bbc/psammead-timestamp-container/-/psammead-timestamp-container-5.0.13.tgz",
      "integrity": "sha512-sorm3fbKOTwFxloMA/KlrjuhDFdT6obPxnlDBwMOrfCKhS8OyU21oyB48v1UdFcfOe4sMcixC2XZPC1Wa/6kwA==",
      "requires": {
        "@bbc/gel-foundations": "^6.0.0",
        "@bbc/psammead-timestamp": "^4.0.5",
        "moment-timezone": "^0.5.26"
      }
    },
    "@bbc/psammead-visually-hidden-text": {
      "version": "2.0.1",
      "resolved": "https://registry.npmjs.org/@bbc/psammead-visually-hidden-text/-/psammead-visually-hidden-text-2.0.1.tgz",
      "integrity": "sha512-n9SBNfxEqBz87UHxsW4321X47AETauejPGaMCIntqiEjL9IwUTExMe8fPGHbJZdT1QCXRhs5qkGDx1UfmZfxzw=="
    },
    "moment": {
      "version": "2.29.1",
      "resolved": "https://registry.npmjs.org/moment/-/moment-2.29.1.tgz",
      "integrity": "sha512-kHmoybcPV8Sqy59DwNDY3Jefr64lK/by/da0ViFcuA4DH0vQg5Q6Ze5VimxkfQNSC+Mls/Kx53s7TjP1RhFEDQ=="
    },
    "moment-timezone": {
      "version": "0.5.32",
      "resolved": "https://registry.npmjs.org/moment-timezone/-/moment-timezone-0.5.32.tgz",
      "integrity": "sha512-Z8QNyuQHQAmWucp8Knmgei8YNo28aLjJq6Ma+jy1ZSpSk5nyfRT8xgUbSQvD2+2UajISfenndwvFuH3NGS+nvA==",
      "requires": {
        "moment": ">= 2.9.0"
      }
    }
  }
}
