# THIS IS AN AUTOGENERATED FILE. DO NOT EDIT THIS FILE DIRECTLY.
# yarn lockfile v1


"@bbc/gel-foundations@^4.3.0":
  version "4.3.0"
  resolved "https://registry.yarnpkg.com/@bbc/gel-foundations/-/gel-foundations-4.3.0.tgz#093da9b309af554a349e73e0fd0de6ac609705ca"
  integrity sha512-KyEDfA8ibVK6ZKhBABa+RLEkCNq7ixHxmJyz4pQwA+cqsqyW2F49CCZ6dNsHJ65HCfHa2k55rzvwnQAP21IP2Q==

"@bbc/psammead-assets@^2.14.1":
  version "2.14.1"
  resolved "https://registry.yarnpkg.com/@bbc/psammead-assets/-/psammead-assets-2.14.1.tgz#1d24c42bc9cd83f2d898fcfd9a8e51049ec7afe5"
  integrity sha512-/QoNnowCBQh1mLB05nT8dxdf2Ud2U7GYbbBB/tescO68oIPlj/cLMJOXQc9sUQPxVgQQCQeA0Ls/o8dIOpry3Q==

"@bbc/psammead-detokeniser@^1.0.0":
  version "1.0.0"
  resolved "https://registry.yarnpkg.com/@bbc/psammead-detokeniser/-/psammead-detokeniser-1.0.0.tgz#fd95af2486f20394d1989463d81d51ac29213a1c"
  integrity sha512-xhGwisJtIy+6aCaQtCSr+YcfiqYlCyhri2+4I7AUDPHRv4PSU3Jz1gHBo/6UMOpjustv5BJV4DIzgFQmUfT5yw==

"@bbc/psammead-live-label@^1.0.1":
  version "1.0.1"
  resolved "https://registry.yarnpkg.com/@bbc/psammead-live-label/-/psammead-live-label-1.0.1.tgz#7db0ed436ca4b189c13f891db153fc93f5829c8e"
  integrity sha512-rcyAGY6UvKG1AMUilH2YAOMY1PU6YI1UMa6oepk0DHDwlaHYLgVpAGHxPP87SbfiSs5thMuUxCmiofMOcY+Qdw==

"@bbc/psammead-styles@^4.4.3":
  version "4.4.3"
  resolved "https://registry.yarnpkg.com/@bbc/psammead-styles/-/psammead-styles-4.4.3.tgz#4f92d57f45a513be5c4e6507d323e8ee976005ca"
  integrity sha512-KxtxY3m03wcQIv4l75VdutPFAGySVocrvTiYX+TLeoB32ENU1Leke7stkkkEWj5CfVLdCHksCG/OAHX0239cUw==

"@bbc/psammead-timestamp-container@^4.0.10":
  version "4.0.10"
  resolved "https://registry.yarnpkg.com/@bbc/psammead-timestamp-container/-/psammead-timestamp-container-4.0.10.tgz#f27c1c88be50ff3ab2e323224dc09f5af4082f3a"
  integrity sha512-axXvwYoR9INPetFxAfVbMk33MH+GZBjqf5sS/+X6Xld7rh1/n/Kf9jwX3rSCcuhmmUB+AK8tEvmz0Q1l4w/VdQ==
  dependencies:
    "@bbc/gel-foundations" "^4.3.0"
    "@bbc/psammead-timestamp" "^2.2.34"
    moment-timezone "^0.5.26"

"@bbc/psammead-timestamp@^2.2.34":
  version "2.2.34"
  resolved "https://registry.yarnpkg.com/@bbc/psammead-timestamp/-/psammead-timestamp-2.2.34.tgz#769548843a8c4c233acb542ab59465db01886389"
  integrity sha512-E+DKls05ZWQzfDWk/vQxfX2kNXvIZMqZWlAjKZ791/7ykHPjh11JWXE98i8K5+1rRfu30Er3T/wo4YqUUm9T4A==
  dependencies:
    "@bbc/gel-foundations" "^4.3.0"
    "@bbc/psammead-styles" "^4.4.3"

moment-timezone@^0.5.26:
  version "0.5.31"
  resolved "https://registry.yarnpkg.com/moment-timezone/-/moment-timezone-0.5.31.tgz#9c40d8c5026f0c7ab46eda3d63e49c155148de05"
  integrity sha512-+GgHNg8xRhMXfEbv81iDtrVeTcWt0kWmTEY1XQK14dICTXnWJnT0dxdlPspwqF3keKMVPXwayEsk1DI0AA/jdA==
  dependencies:
    moment ">= 2.9.0"

"moment@>= 2.9.0":
  version "2.29.0"
  resolved "https://registry.yarnpkg.com/moment/-/moment-2.29.0.tgz#fcbef955844d91deb55438613ddcec56e86a3425"
  integrity sha512-z6IJ5HXYiuxvFTI6eiQ9dm77uE0gyy1yXNApVHqTcnIKfY9tIwEjlzsZ6u1LQXvVgKeTnv9Xm7NDvJ7lso3MtA==
