# THIS IS AN AUTOGENERATED FILE. DO NOT EDIT THIS FILE DIRECTLY.
# yarn lockfile v1


"@bbc/gel-foundations@^6.1.1":
  version "6.1.1"
  resolved "https://registry.yarnpkg.com/@bbc/gel-foundations/-/gel-foundations-6.1.1.tgz#3284ec65018a9494d3f594800fdf7d8a097390e0"
  integrity sha512-IDJxmb45hhC6DjbEOcS0Y/P85xLymNeaZ1v1EAGaYX7ErnYlVH8y9wCf4dQzcImWNwOYKUjXZiLJnAA7YSQrtA==

"@bbc/gel-foundations@^6.1.2":
  version "6.1.2"
  resolved "https://registry.yarnpkg.com/@bbc/gel-foundations/-/gel-foundations-6.1.2.tgz#123d3300fb491d19ad9e7d8da41140c66d401e18"
  integrity sha512-xY8Zd7YGPUoZgf9pBTDApMqT8karak5SoOzpcWWmbKo0KNfrumnW3NIsTcI8utcN6TUGJn7gItouRpbzXWQPnA==

"@bbc/psammead-assets@^3.1.6":
  version "3.1.6"
  resolved "https://registry.yarnpkg.com/@bbc/psammead-assets/-/psammead-assets-3.1.6.tgz#1add54aec6d2ba6b4294a194fdea9de36c28ee4c"
  integrity sha512-k+hQ92K2f1kvATxna9EqTCEIaOqez1OxdWiBHWwjoLiEuBw1HfOPED4T0GAI/fZq+r27CWwCadv5gcG2WBftVg==

"@bbc/psammead-detokeniser@^1.0.3":
  version "1.0.3"
  resolved "https://registry.yarnpkg.com/@bbc/psammead-detokeniser/-/psammead-detokeniser-1.0.3.tgz#29e1ab721a71e13071052654cb1fcff9d6678e7a"
  integrity sha512-J4KARPBkMmzup+SF464iybeEOuT66H3frHwBCundViTheYNuslszRdykDKf3GFIcSNmeUF3wkynkhoRW8HUiPw==

"@bbc/psammead-grid@^3.0.16":
  version "3.0.16"
  resolved "https://registry.yarnpkg.com/@bbc/psammead-grid/-/psammead-grid-3.0.16.tgz#0a64a44573de4c1b14af4a64c1b06930fa0657a6"
  integrity sha512-tTCftvsy7jKb5b5quCqjBsgs487Rmr0X6RbdG4UYhxW/xiMBdxHpGeeFJrwiGkNAykC/S2nD5wHWvaB/LJ5bIw==
  dependencies:
    "@bbc/gel-foundations" "^6.1.1"
    "@bbc/psammead-styles" "^7.2.2"

"@bbc/psammead-live-label@^2.0.16":
  version "2.0.16"
  resolved "https://registry.yarnpkg.com/@bbc/psammead-live-label/-/psammead-live-label-2.0.16.tgz#d910ea16c66303260f916720e20ba59d3d7a8648"
  integrity sha512-ELvNZ+ublX0nBS44utiDVqUUrka3lh6S4Q/41b2u0A7xN8+6nlF96Mtcn+KvoYnnw89y9MNyvU/Ubg5ufcqsOw==
  dependencies:
    "@bbc/gel-foundations" "^6.1.1"
    "@bbc/psammead-styles" "^7.2.2"
    "@bbc/psammead-visually-hidden-text" "^2.0.3"

"@bbc/psammead-styles@^7.2.2":
  version "7.2.2"
  resolved "https://registry.yarnpkg.com/@bbc/psammead-styles/-/psammead-styles-7.2.2.tgz#628642ec22e7199212749066e18bd22b47823be0"
  integrity sha512-TbR/2nvvkkDPcl+VIs6HvZkNlXtLLjJs0eyKIOXMHSWnxoNbcvy3aYpLzS4d7iXrJR7hPFg8f1MrUjGXIWEziw==

"@bbc/psammead-styles@^7.2.3":
  version "7.2.3"
  resolved "https://registry.yarnpkg.com/@bbc/psammead-styles/-/psammead-styles-7.2.3.tgz#a12eb4230796adc8d05158382d8b364b91c0f89e"
  integrity sha512-i+Ut6+ZguVsnUu8yitmrBwPDeZLOFpmMljYxdVlngjLyqBWAlEQLmXep+jxATqttIHUy9gRbuvPfsq7O3P9GNg==

"@bbc/psammead-timestamp-container@^5.0.26":
  version "5.0.26"
  resolved "https://registry.yarnpkg.com/@bbc/psammead-timestamp-container/-/psammead-timestamp-container-5.0.26.tgz#997d6d50649c5341a137b04878bbb89d1d617745"
  integrity sha512-1wVzWYkFV9kUCmLnJPhhUVx0OiqUQcA6v5veGssXFmWpHI9wB0lNEkzzdCb1h7y8jVdITVmHA6QaKnbWa/YPQw==
  dependencies:
    "@bbc/gel-foundations" "^6.1.1"
    "@bbc/psammead-timestamp" "^4.0.13"
    moment-timezone "^0.5.26"

"@bbc/psammead-timestamp@^4.0.13":
  version "4.0.13"
  resolved "https://registry.yarnpkg.com/@bbc/psammead-timestamp/-/psammead-timestamp-4.0.13.tgz#17354250679c351f5dfbc5dc2823c250b09be9e4"
  integrity sha512-OIK7JhHnUGAUMPjnUctnwK0n2k5syoSlRGRmnF5L1ugcrr97AH1sYmIqswcxb5I+V/ECJ4TgkdB4sVy0WjA6kA==
  dependencies:
    "@bbc/gel-foundations" "^6.1.1"
    "@bbc/psammead-styles" "^7.2.2"

"@bbc/psammead-visually-hidden-text@^2.0.3":
  version "2.0.3"
  resolved "https://registry.yarnpkg.com/@bbc/psammead-visually-hidden-text/-/psammead-visually-hidden-text-2.0.3.tgz#c7a0c56102b0885025933dba89b419574158b309"
  integrity sha512-r+3K/cZrKvsG6mwMosH7EZ6JPPLlgVE5FM9z8HRbdOZ+0Eq/0zTHs2cyHHm3BnjPdvCOO4wQaETikBET7l15KA==

moment-timezone@^0.5.26:
  version "0.5.32"
  resolved "https://registry.yarnpkg.com/moment-timezone/-/moment-timezone-0.5.32.tgz#db7677cc3cc680fd30303ebd90b0da1ca0dfecc2"
  integrity sha512-Z8QNyuQHQAmWucp8Knmgei8YNo28aLjJq6Ma+jy1ZSpSk5nyfRT8xgUbSQvD2+2UajISfenndwvFuH3NGS+nvA==
  dependencies:
    moment ">= 2.9.0"

"moment@>= 2.9.0":
  version "2.29.1"
  resolved "https://registry.yarnpkg.com/moment/-/moment-2.29.1.tgz#b2be769fa31940be9eeea6469c075e35006fa3d3"
  integrity sha512-kHmoybcPV8Sqy59DwNDY3Jefr64lK/by/da0ViFcuA4DH0vQg5Q6Ze5VimxkfQNSC+Mls/Kx53s7TjP1RhFEDQ==
