{
  "name": "@bbc/psammead-timestamp-container",
  "version": "2.6.14",
  "lockfileVersion": 1,
  "requires": true,
  "dependencies": {
    "@bbc/gel-foundations": {
      "version": "3.4.1",
      "resolved": "https://registry.npmjs.org/@bbc/gel-foundations/-/gel-foundations-3.4.1.tgz",
      "integrity": "sha512-twwL0UcFrvq9w3O92PvkJRo+wThLqWLrxgFxxn8kwR1pni1wS6lhr3IwUPym4juS2hlTy/5C0/QiycB05IQhLg=="
    },
    "@bbc/psammead-locales": {
      "version": "4.1.0",
      "resolved": "https://registry.npmjs.org/@bbc/psammead-locales/-/psammead-locales-4.1.0.tgz",
      "integrity": "sha512-gPChaS+SYo0vF6rM9jS8Pu0kVnq7oh5/DEVPrtD8bKpOgP9ekOvateLkMw7y1T96XRPf9xCvPnCz7aYY+KzhfA==",
      "dev": true,
      "requires": {
        "jalaali-js": "1.1.0",
        "moment": "^2.24.0"
      }
    },
    "@bbc/psammead-styles": {
      "version": "4.1.2",
      "resolved": "https://registry.npmjs.org/@bbc/psammead-styles/-/psammead-styles-4.1.2.tgz",
      "integrity": "sha512-uTbY50dJueJnJbU/n7XArN4HzM4mtGaG82nWw1BAjuuaR0q9h5MLP3Rt4NsUslZiKl09yUnqp/dFySJNi9mWZQ=="
    },
    "@bbc/psammead-timestamp": {
      "version": "2.2.20",
      "resolved": "https://registry.npmjs.org/@bbc/psammead-timestamp/-/psammead-timestamp-2.2.20.tgz",
      "integrity": "sha512-xPMAH7euPTV5h2LeAtmypuSWaCibHauHRraiCII9L1TvNh8I59DwKumv5cBrYuPG6/Icab4+RphYhKtNdOEiaQ==",
      "requires": {
        "@bbc/gel-foundations": "^3.4.1",
        "@bbc/psammead-styles": "^4.1.2"
      }
    },
    "jalaali-js": {
      "version": "1.1.0",
      "resolved": "https://registry.npmjs.org/jalaali-js/-/jalaali-js-1.1.0.tgz",
      "integrity": "sha512-eznOFGRtHb0ttHkHf8pVYPVfKJdbOqutTwcQYACbv91Q2NiYgnM5Z6+NN/8FMAhuMDAXAmeAG9+UBzqVKdA4cg==",
      "dev": true
    },
    "moment": {
      "version": "2.24.0",
      "resolved": "https://registry.npmjs.org/moment/-/moment-2.24.0.tgz",
      "integrity": "sha512-bV7f+6l2QigeBBZSM/6yTNq4P2fNpSWj/0e7jQcy87A8e7o2nAfP/34/2ky5Vw4B9S446EtIhodAzkFCcR4dQg=="
    },
    "moment-timezone": {
      "version": "0.5.27",
      "resolved": "https://registry.npmjs.org/moment-timezone/-/moment-timezone-0.5.27.tgz",
      "integrity": "sha512-EIKQs7h5sAsjhPCqN6ggx6cEbs94GK050254TIJySD1bzoM5JTYDwAU1IoVOeTOL6Gm27kYJ51/uuvq1kIlrbw==",
      "requires": {
        "moment": ">= 2.9.0"
      }
    }
  }
}
