{
  "name": "@bbc/psammead-timestamp-container",
  "version": "2.3.5",
  "lockfileVersion": 1,
  "requires": true,
  "dependencies": {
    "@bbc/gel-foundations": {
      "version": "3.2.1",
      "resolved": "https://registry.npmjs.org/@bbc/gel-foundations/-/gel-foundations-3.2.1.tgz",
      "integrity": "sha512-8Gd1BcvYPU6qbPNsfDHxxJO0bbqGw0l5f/dYyhTtd0exYw/IqUiiiQ/+thGd7Rrpx8RvqmG050/8Fji52FPlNg=="
    },
    "@bbc/psammead-styles": {
      "version": "2.0.2",
      "resolved": "https://registry.npmjs.org/@bbc/psammead-styles/-/psammead-styles-2.0.2.tgz",
      "integrity": "sha512-Fpazc8Q0/ishOhn2X/Z5yZnzAnLDcK9G4fUDwojALYwAIs1qi3o47U5gY14bhTa+MKxI0nLQyQJ69IYR0nsoxA=="
    },
    "@bbc/psammead-timestamp": {
      "version": "2.1.4",
      "resolved": "https://registry.npmjs.org/@bbc/psammead-timestamp/-/psammead-timestamp-2.1.4.tgz",
      "integrity": "sha512-L4o17RoULKYxJYrIHwKBWuPl+8pkpDzHfmsHLZFfjuuDQn4/L4Vy98AIBt88COltuM8lRNpwKXrPTQqzd0z2mA==",
      "requires": {
        "@bbc/gel-foundations": "^3.2.1",
        "@bbc/psammead-styles": "^2.0.2"
      }
    },
    "moment": {
      "version": "2.24.0",
      "resolved": "https://registry.npmjs.org/moment/-/moment-2.24.0.tgz",
      "integrity": "sha512-bV7f+6l2QigeBBZSM/6yTNq4P2fNpSWj/0e7jQcy87A8e7o2nAfP/34/2ky5Vw4B9S446EtIhodAzkFCcR4dQg=="
    },
    "moment-timezone": {
      "version": "0.5.26",
      "resolved": "https://registry.npmjs.org/moment-timezone/-/moment-timezone-0.5.26.tgz",
      "integrity": "sha512-sFP4cgEKTCymBBKgoxZjYzlSovC20Y6J7y3nanDc5RoBIXKlZhoYwBoZGe3flwU6A372AcRwScH8KiwV6zjy1g==",
      "requires": {
        "moment": ">= 2.9.0"
      }
    }
  }
}
