{
  "name": "@bbc/psammead-timestamp-container",
  "version": "5.0.6",
  "lockfileVersion": 1,
  "requires": true,
  "dependencies": {
    "@bbc/gel-foundations": {
      "version": "5.0.1",
      "resolved": "https://registry.npmjs.org/@bbc/gel-foundations/-/gel-foundations-5.0.1.tgz",
      "integrity": "sha512-NN4+0UiAvbFE/cxXH80Tq9R7BB+y25U70L6/03JhyGI8zPd2pj90G9MJPIKDoUNHMKwiIqbivM51dR5rlh7RBQ=="
    },
    "@bbc/psammead-locales": {
      "version": "5.0.0",
      "resolved": "https://registry.npmjs.org/@bbc/psammead-locales/-/psammead-locales-5.0.0.tgz",
      "integrity": "sha512-gx0kk15C6/gPGIMN2FT90h8IZ10t8DzyfEr4dPwsYZqzwiO1vwKSdMyBR6YQ+KTP8rWsLMzcX7Y4khVaymKjNQ==",
      "dev": true,
      "requires": {
        "jalaali-js": "1.1.0",
        "moment": "^2.24.0"
      }
    },
    "@bbc/psammead-styles": {
      "version": "6.0.0",
      "resolved": "https://registry.npmjs.org/@bbc/psammead-styles/-/psammead-styles-6.0.0.tgz",
      "integrity": "sha512-P9KW/K/T95R4LC+gTJbbpxJfLnsGrmarOPWjdLR8X7gMUBpa0SHyf59Dez5QI1ib9yIbQO/XUM9jNoZFpSd9/g=="
    },
    "@bbc/psammead-timestamp": {
      "version": "4.0.0",
      "resolved": "https://registry.npmjs.org/@bbc/psammead-timestamp/-/psammead-timestamp-4.0.0.tgz",
      "integrity": "sha512-PzUszkieVjOuzMb10q4P1zGPCnCl7zy1VOKLmvGxL2si6RQAvWtY+GG5yd7u8AA8ak7UY+o4a405ij+tm0HGCw==",
      "requires": {
        "@bbc/gel-foundations": "^5.0.1",
        "@bbc/psammead-styles": "^6.0.0"
      }
    },
    "jalaali-js": {
      "version": "1.1.0",
      "resolved": "https://registry.npmjs.org/jalaali-js/-/jalaali-js-1.1.0.tgz",
      "integrity": "sha512-eznOFGRtHb0ttHkHf8pVYPVfKJdbOqutTwcQYACbv91Q2NiYgnM5Z6+NN/8FMAhuMDAXAmeAG9+UBzqVKdA4cg==",
      "dev": true
    },
    "moment": {
      "version": "2.24.0",
      "resolved": "https://registry.npmjs.org/moment/-/moment-2.24.0.tgz",
      "integrity": "sha512-bV7f+6l2QigeBBZSM/6yTNq4P2fNpSWj/0e7jQcy87A8e7o2nAfP/34/2ky5Vw4B9S446EtIhodAzkFCcR4dQg=="
    },
    "moment-timezone": {
      "version": "0.5.28",
      "resolved": "https://registry.npmjs.org/moment-timezone/-/moment-timezone-0.5.28.tgz",
      "integrity": "sha512-TDJkZvAyKIVWg5EtVqRzU97w0Rb0YVbfpqyjgu6GwXCAohVRqwZjf4fOzDE6p1Ch98Sro/8hQQi65WDXW5STPw==",
      "requires": {
        "moment": ">= 2.9.0"
      }
    }
  }
}
