# THIS IS AN AUTOGENERATED FILE. DO NOT EDIT THIS FILE DIRECTLY.
# yarn lockfile v1


"@bbc/gel-foundations@^6.1.1":
  version "6.1.1"
  resolved "https://registry.yarnpkg.com/@bbc/gel-foundations/-/gel-foundations-6.1.1.tgz#3284ec65018a9494d3f594800fdf7d8a097390e0"
  integrity sha512-IDJxmb45hhC6DjbEOcS0Y/P85xLymNeaZ1v1EAGaYX7ErnYlVH8y9wCf4dQzcImWNwOYKUjXZiLJnAA7YSQrtA==

"@bbc/psammead-locales@^5.0.3":
  version "5.0.3"
  resolved "https://registry.yarnpkg.com/@bbc/psammead-locales/-/psammead-locales-5.0.3.tgz#6f7b07e1121e58d2a7c884bc34b6dd50b36443e2"
  integrity sha512-hPB9PgkZqY51LVvt2sB1VwDjlBM1MKX2ilraWFckvBZ8OQn/MxOjUnpmBqx+78j2kSgzyfzdX57/fCBCcs/4qg==
  dependencies:
    jalaali-js "1.1.0"
    moment "^2.24.0"

"@bbc/psammead-styles@^7.2.2":
  version "7.2.2"
  resolved "https://registry.yarnpkg.com/@bbc/psammead-styles/-/psammead-styles-7.2.2.tgz#628642ec22e7199212749066e18bd22b47823be0"
  integrity sha512-TbR/2nvvkkDPcl+VIs6HvZkNlXtLLjJs0eyKIOXMHSWnxoNbcvy3aYpLzS4d7iXrJR7hPFg8f1MrUjGXIWEziw==

"@bbc/psammead-timestamp@^4.0.13":
  version "4.0.13"
  resolved "https://registry.yarnpkg.com/@bbc/psammead-timestamp/-/psammead-timestamp-4.0.13.tgz#17354250679c351f5dfbc5dc2823c250b09be9e4"
  integrity sha512-OIK7JhHnUGAUMPjnUctnwK0n2k5syoSlRGRmnF5L1ugcrr97AH1sYmIqswcxb5I+V/ECJ4TgkdB4sVy0WjA6kA==
  dependencies:
    "@bbc/gel-foundations" "^6.1.1"
    "@bbc/psammead-styles" "^7.2.2"

jalaali-js@1.1.0:
  version "1.1.0"
  resolved "https://registry.yarnpkg.com/jalaali-js/-/jalaali-js-1.1.0.tgz#f0e942049273d11f7298a992356fc36ce2784863"
  integrity sha512-eznOFGRtHb0ttHkHf8pVYPVfKJdbOqutTwcQYACbv91Q2NiYgnM5Z6+NN/8FMAhuMDAXAmeAG9+UBzqVKdA4cg==

moment-timezone@^0.5.26:
  version "0.5.28"
  resolved "https://registry.yarnpkg.com/moment-timezone/-/moment-timezone-0.5.28.tgz#f093d789d091ed7b055d82aa81a82467f72e4338"
  integrity sha512-TDJkZvAyKIVWg5EtVqRzU97w0Rb0YVbfpqyjgu6GwXCAohVRqwZjf4fOzDE6p1Ch98Sro/8hQQi65WDXW5STPw==
  dependencies:
    moment ">= 2.9.0"

"moment@>= 2.9.0", moment@^2.24.0:
  version "2.24.0"
  resolved "https://registry.yarnpkg.com/moment/-/moment-2.24.0.tgz#0d055d53f5052aa653c9f6eb68bb5d12bf5c2b5b"
  integrity sha512-bV7f+6l2QigeBBZSM/6yTNq4P2fNpSWj/0e7jQcy87A8e7o2nAfP/34/2ky5Vw4B9S446EtIhodAzkFCcR4dQg==
