# THIS IS AN AUTOGENERATED FILE. DO NOT EDIT THIS FILE DIRECTLY.
# yarn lockfile v1


"@bbc/gel-foundations@^6.1.1":
  version "6.1.1"
  resolved "https://registry.yarnpkg.com/@bbc/gel-foundations/-/gel-foundations-6.1.1.tgz#3284ec65018a9494d3f594800fdf7d8a097390e0"
  integrity sha512-IDJxmb45hhC6DjbEOcS0Y/P85xLymNeaZ1v1EAGaYX7ErnYlVH8y9wCf4dQzcImWNwOYKUjXZiLJnAA7YSQrtA==

"@bbc/gel-foundations@^6.1.2":
  version "6.1.2"
  resolved "https://registry.yarnpkg.com/@bbc/gel-foundations/-/gel-foundations-6.1.2.tgz#123d3300fb491d19ad9e7d8da41140c66d401e18"
  integrity sha512-xY8Zd7YGPUoZgf9pBTDApMqT8karak5SoOzpcWWmbKo0KNfrumnW3NIsTcI8utcN6TUGJn7gItouRpbzXWQPnA==

"@bbc/psammead-locales@^5.0.4":
  version "5.0.4"
  resolved "https://registry.yarnpkg.com/@bbc/psammead-locales/-/psammead-locales-5.0.4.tgz#7be6215e3ae9673c6c340b2265148f18c04e8b33"
  integrity sha512-ztuhqjUzvC/YjBoxsgwwW0qzcnbjRpFGoPYUNe8slFTTkzQVGgTApKDEI6BPLbDWMf52Sm7KFzp3YhUMt2BUYw==
  dependencies:
    jalaali-js "1.1.0"
    moment "^2.24.0"

"@bbc/psammead-styles@^7.2.2":
  version "7.2.2"
  resolved "https://registry.yarnpkg.com/@bbc/psammead-styles/-/psammead-styles-7.2.2.tgz#628642ec22e7199212749066e18bd22b47823be0"
  integrity sha512-TbR/2nvvkkDPcl+VIs6HvZkNlXtLLjJs0eyKIOXMHSWnxoNbcvy3aYpLzS4d7iXrJR7hPFg8f1MrUjGXIWEziw==

"@bbc/psammead-timestamp@^4.0.14":
  version "4.0.14"
  resolved "https://registry.yarnpkg.com/@bbc/psammead-timestamp/-/psammead-timestamp-4.0.14.tgz#182e18050710bec74c2b6bfee616fecca2eba02f"
  integrity sha512-h1YtWQyHxI1/R9mYyr1hDqCic2iucQmVYkgxUBdZ9Pecs0nSZHQ+KG5/4pICiUwstZa8wUHnAaXrCJoXZPs3vA==
  dependencies:
    "@bbc/gel-foundations" "^6.1.1"
    "@bbc/psammead-styles" "^7.2.2"

jalaali-js@1.1.0:
  version "1.1.0"
  resolved "https://registry.yarnpkg.com/jalaali-js/-/jalaali-js-1.1.0.tgz#f0e942049273d11f7298a992356fc36ce2784863"
  integrity sha512-eznOFGRtHb0ttHkHf8pVYPVfKJdbOqutTwcQYACbv91Q2NiYgnM5Z6+NN/8FMAhuMDAXAmeAG9+UBzqVKdA4cg==

moment-timezone@^0.5.26:
  version "0.5.28"
  resolved "https://registry.yarnpkg.com/moment-timezone/-/moment-timezone-0.5.28.tgz#f093d789d091ed7b055d82aa81a82467f72e4338"
  integrity sha512-TDJkZvAyKIVWg5EtVqRzU97w0Rb0YVbfpqyjgu6GwXCAohVRqwZjf4fOzDE6p1Ch98Sro/8hQQi65WDXW5STPw==
  dependencies:
    moment ">= 2.9.0"

"moment@>= 2.9.0", moment@^2.24.0:
  version "2.24.0"
  resolved "https://registry.yarnpkg.com/moment/-/moment-2.24.0.tgz#0d055d53f5052aa653c9f6eb68bb5d12bf5c2b5b"
  integrity sha512-bV7f+6l2QigeBBZSM/6yTNq4P2fNpSWj/0e7jQcy87A8e7o2nAfP/34/2ky5Vw4B9S446EtIhodAzkFCcR4dQg==
