# THIS IS AN AUTOGENERATED FILE. DO NOT EDIT THIS FILE DIRECTLY.
# yarn lockfile v1


"@bbc/gel-foundations@^4.3.0":
  version "4.3.0"
  resolved "https://registry.yarnpkg.com/@bbc/gel-foundations/-/gel-foundations-4.3.0.tgz#093da9b309af554a349e73e0fd0de6ac609705ca"
  integrity sha512-KyEDfA8ibVK6ZKhBABa+RLEkCNq7ixHxmJyz4pQwA+cqsqyW2F49CCZ6dNsHJ65HCfHa2k55rzvwnQAP21IP2Q==

"@bbc/psammead-locales@^4.1.11":
  version "4.1.11"
  resolved "https://registry.yarnpkg.com/@bbc/psammead-locales/-/psammead-locales-4.1.11.tgz#a45e05bb469996e77b02b3ef80e3035570c2ca9a"
  integrity sha512-xv2Tcoy3v0DCvU96Rkm2/SoC5gp3cYZ6opCfu4nQI4RCbdmxtR4sBP6v6nqO8t8TeiBeMEDB3RZ4SrarPhVrbg==
  dependencies:
    jalaali-js "1.1.0"
    moment "^2.24.0"

"@bbc/psammead-styles@^4.4.3":
  version "4.4.3"
  resolved "https://registry.yarnpkg.com/@bbc/psammead-styles/-/psammead-styles-4.4.3.tgz#4f92d57f45a513be5c4e6507d323e8ee976005ca"
  integrity sha512-KxtxY3m03wcQIv4l75VdutPFAGySVocrvTiYX+TLeoB32ENU1Leke7stkkkEWj5CfVLdCHksCG/OAHX0239cUw==

"@bbc/psammead-timestamp@^2.2.34":
  version "2.2.34"
  resolved "https://registry.yarnpkg.com/@bbc/psammead-timestamp/-/psammead-timestamp-2.2.34.tgz#769548843a8c4c233acb542ab59465db01886389"
  integrity sha512-E+DKls05ZWQzfDWk/vQxfX2kNXvIZMqZWlAjKZ791/7ykHPjh11JWXE98i8K5+1rRfu30Er3T/wo4YqUUm9T4A==
  dependencies:
    "@bbc/gel-foundations" "^4.3.0"
    "@bbc/psammead-styles" "^4.4.3"

jalaali-js@1.1.0:
  version "1.1.0"
  resolved "https://registry.yarnpkg.com/jalaali-js/-/jalaali-js-1.1.0.tgz#f0e942049273d11f7298a992356fc36ce2784863"
  integrity sha512-eznOFGRtHb0ttHkHf8pVYPVfKJdbOqutTwcQYACbv91Q2NiYgnM5Z6+NN/8FMAhuMDAXAmeAG9+UBzqVKdA4cg==

moment-timezone@^0.5.26:
  version "0.5.31"
  resolved "https://registry.yarnpkg.com/moment-timezone/-/moment-timezone-0.5.31.tgz#9c40d8c5026f0c7ab46eda3d63e49c155148de05"
  integrity sha512-+GgHNg8xRhMXfEbv81iDtrVeTcWt0kWmTEY1XQK14dICTXnWJnT0dxdlPspwqF3keKMVPXwayEsk1DI0AA/jdA==
  dependencies:
    moment ">= 2.9.0"

"moment@>= 2.9.0", moment@^2.24.0:
  version "2.29.0"
  resolved "https://registry.yarnpkg.com/moment/-/moment-2.29.0.tgz#fcbef955844d91deb55438613ddcec56e86a3425"
  integrity sha512-z6IJ5HXYiuxvFTI6eiQ9dm77uE0gyy1yXNApVHqTcnIKfY9tIwEjlzsZ6u1LQXvVgKeTnv9Xm7NDvJ7lso3MtA==
