{
  "name": "@bbc/psammead-content-anchor",
  "version": "1.0.0-alpha.4",
  "lockfileVersion": 1,
  "requires": true,
  "dependencies": {
    "@bbc/gel-foundations": {
      "version": "4.0.1",
      "resolved": "https://registry.npmjs.org/@bbc/gel-foundations/-/gel-foundations-4.0.1.tgz",
      "integrity": "sha512-0h3p8aG9sGbsEu0y8UOQ/d6VoLoFY0KdsOqwSTkIH0+IyDq9LzMLjP4ceDk+gK1qtAMb+SuqitFjllX/9KavCg==",
      "dev": true
    },
    "@bbc/psammead-headings": {
      "version": "3.1.28",
      "resolved": "https://registry.npmjs.org/@bbc/psammead-headings/-/psammead-headings-3.1.28.tgz",
      "integrity": "sha512-Z/F69whgEYZU9mgL6w7BaXCsJWlX6j71daOgFR85D6r7qNUdL+UGGjD3sWNqKJkTRQY2Y0oVnZk65kk5i22KPQ==",
      "dev": true,
      "requires": {
        "@bbc/gel-foundations": "^4.0.1",
        "@bbc/psammead-styles": "^4.3.0"
      }
    },
    "@bbc/psammead-styles": {
      "version": "4.3.0",
      "resolved": "https://registry.npmjs.org/@bbc/psammead-styles/-/psammead-styles-4.3.0.tgz",
      "integrity": "sha512-bgYd7pGMK7cbWsY2pq2nxbHWdPSW5ZIzEefDJ3xMi9FknwDQDO6m9OJ67TaovWNaPJvduVB9no7V+2eAuity7w==",
      "dev": true
    },
    "@juggle/resize-observer": {
      "version": "2.5.0",
      "resolved": "https://registry.npmjs.org/@juggle/resize-observer/-/resize-observer-2.5.0.tgz",
      "integrity": "sha512-Nmkeaj5LalJeciRVEqi9Uxi61r0LvGc2yhUCykhXuft9fMyb/6VkZbwJ+UmUl8bk2k6qhwd1qJw6S2YJ0joXlA=="
    },
    "intersection-observer": {
      "version": "0.7.0",
      "resolved": "https://registry.npmjs.org/intersection-observer/-/intersection-observer-0.7.0.tgz",
      "integrity": "sha512-Id0Fij0HsB/vKWGeBe9PxeY45ttRiBmhFyyt/geBdDHBYNctMRTE3dC1U3ujzz3lap+hVXlEcVaB56kZP/eEUg=="
    }
  }
}
