{
  "name": "@bbc/psammead-content-anchor",
  "version": "2.0.0",
  "lockfileVersion": 1,
  "requires": true,
  "dependencies": {
    "@bbc/gel-foundations": {
      "version": "6.1.1",
      "resolved": "https://registry.npmjs.org/@bbc/gel-foundations/-/gel-foundations-6.1.1.tgz",
      "integrity": "sha512-IDJxmb45hhC6DjbEOcS0Y/P85xLymNeaZ1v1EAGaYX7ErnYlVH8y9wCf4dQzcImWNwOYKUjXZiLJnAA7YSQrtA==",
      "dev": true
    },
    "@bbc/psammead-headings": {
      "version": "5.0.12",
      "resolved": "https://registry.npmjs.org/@bbc/psammead-headings/-/psammead-headings-5.0.12.tgz",
      "integrity": "sha512-dcTlGq5Lpm85EPkgkHFwHTLHJfDLydp2m9Lho927E1b55LJFoyfYhU7DxZsDqCH3hBSvu7zy+HigojL00ghkQQ==",
      "dev": true,
      "requires": {
        "@bbc/gel-foundations": "^6.1.1",
        "@bbc/psammead-styles": "^7.2.2"
      }
    },
    "@bbc/psammead-styles": {
      "version": "7.2.2",
      "resolved": "https://registry.npmjs.org/@bbc/psammead-styles/-/psammead-styles-7.2.2.tgz",
      "integrity": "sha512-TbR/2nvvkkDPcl+VIs6HvZkNlXtLLjJs0eyKIOXMHSWnxoNbcvy3aYpLzS4d7iXrJR7hPFg8f1MrUjGXIWEziw==",
      "dev": true
    },
    "@juggle/resize-observer": {
      "version": "2.5.0",
      "resolved": "https://registry.npmjs.org/@juggle/resize-observer/-/resize-observer-2.5.0.tgz",
      "integrity": "sha512-Nmkeaj5LalJeciRVEqi9Uxi61r0LvGc2yhUCykhXuft9fMyb/6VkZbwJ+UmUl8bk2k6qhwd1qJw6S2YJ0joXlA=="
    },
    "intersection-observer": {
      "version": "0.7.0",
      "resolved": "https://registry.npmjs.org/intersection-observer/-/intersection-observer-0.7.0.tgz",
      "integrity": "sha512-Id0Fij0HsB/vKWGeBe9PxeY45ttRiBmhFyyt/geBdDHBYNctMRTE3dC1U3ujzz3lap+hVXlEcVaB56kZP/eEUg=="
    }
  }
}
