{
  "name": "@bbc/psammead-content-anchor",
  "version": "1.0.0-alpha.10",
  "lockfileVersion": 1,
  "requires": true,
  "dependencies": {
    "@bbc/gel-foundations": {
      "version": "4.2.0",
      "resolved": "https://registry.npmjs.org/@bbc/gel-foundations/-/gel-foundations-4.2.0.tgz",
      "integrity": "sha512-zqOGLKAjGtYI/7lCXOaNB6sEbCMQ12YyFogCsSXvNcndgxFdKCOn0037HLXkh4WXzp5Ce3oWbHIbHDNe1iKRwg==",
      "dev": true
    },
    "@bbc/psammead-headings": {
      "version": "3.1.34",
      "resolved": "https://registry.npmjs.org/@bbc/psammead-headings/-/psammead-headings-3.1.34.tgz",
      "integrity": "sha512-99JlIEuMiFWvh2CJSa9WJM7pabeTyHxFQQA1EnMGDAoCNEHajsaRmw2Hhmrymdc4d8gXDr5qYpSO4jvp80qRrA==",
      "dev": true,
      "requires": {
        "@bbc/gel-foundations": "^4.2.0",
        "@bbc/psammead-styles": "^4.4.2"
      }
    },
    "@bbc/psammead-styles": {
      "version": "4.4.3",
      "resolved": "https://registry.npmjs.org/@bbc/psammead-styles/-/psammead-styles-4.4.3.tgz",
      "integrity": "sha512-KxtxY3m03wcQIv4l75VdutPFAGySVocrvTiYX+TLeoB32ENU1Leke7stkkkEWj5CfVLdCHksCG/OAHX0239cUw==",
      "dev": true
    },
    "@juggle/resize-observer": {
      "version": "2.5.0",
      "resolved": "https://registry.npmjs.org/@juggle/resize-observer/-/resize-observer-2.5.0.tgz",
      "integrity": "sha512-Nmkeaj5LalJeciRVEqi9Uxi61r0LvGc2yhUCykhXuft9fMyb/6VkZbwJ+UmUl8bk2k6qhwd1qJw6S2YJ0joXlA=="
    },
    "intersection-observer": {
      "version": "0.7.0",
      "resolved": "https://registry.npmjs.org/intersection-observer/-/intersection-observer-0.7.0.tgz",
      "integrity": "sha512-Id0Fij0HsB/vKWGeBe9PxeY45ttRiBmhFyyt/geBdDHBYNctMRTE3dC1U3ujzz3lap+hVXlEcVaB56kZP/eEUg=="
    }
  }
}
