# THIS IS AN AUTOGENERATED FILE. DO NOT EDIT THIS FILE DIRECTLY.
# yarn lockfile v1


"@bbc/gel-foundations@^6.1.1":
  version "6.1.1"
  resolved "https://registry.yarnpkg.com/@bbc/gel-foundations/-/gel-foundations-6.1.1.tgz#3284ec65018a9494d3f594800fdf7d8a097390e0"
  integrity sha512-IDJxmb45hhC6DjbEOcS0Y/P85xLymNeaZ1v1EAGaYX7ErnYlVH8y9wCf4dQzcImWNwOYKUjXZiLJnAA7YSQrtA==

"@bbc/psammead-headings@^5.0.13":
  version "5.0.13"
  resolved "https://registry.yarnpkg.com/@bbc/psammead-headings/-/psammead-headings-5.0.13.tgz#89febce6240cf9fa420cc4ebed0cd2f448b29ea8"
  integrity sha512-WxHVpeATyKzkX5UKxXYeDNW8oa1u+98DbLfpYtYWL+iCJ6kcKIwxcyxFJenObzbwcrvnnRScucdgzDs6Kp/sZg==
  dependencies:
    "@bbc/gel-foundations" "^6.1.1"
    "@bbc/psammead-styles" "^7.2.2"

"@bbc/psammead-styles@^7.2.2":
  version "7.2.2"
  resolved "https://registry.yarnpkg.com/@bbc/psammead-styles/-/psammead-styles-7.2.2.tgz#628642ec22e7199212749066e18bd22b47823be0"
  integrity sha512-TbR/2nvvkkDPcl+VIs6HvZkNlXtLLjJs0eyKIOXMHSWnxoNbcvy3aYpLzS4d7iXrJR7hPFg8f1MrUjGXIWEziw==

"@juggle/resize-observer@^2.4.0":
  version "2.5.0"
  resolved "https://registry.yarnpkg.com/@juggle/resize-observer/-/resize-observer-2.5.0.tgz#dbe3ebfa7b46b465dc85677ca23b15e854225a99"
  integrity sha512-Nmkeaj5LalJeciRVEqi9Uxi61r0LvGc2yhUCykhXuft9fMyb/6VkZbwJ+UmUl8bk2k6qhwd1qJw6S2YJ0joXlA==

intersection-observer@^0.7.0:
  version "0.7.0"
  resolved "https://registry.yarnpkg.com/intersection-observer/-/intersection-observer-0.7.0.tgz#ee16bee978db53516ead2f0a8154b09b400bbdc9"
  integrity sha512-Id0Fij0HsB/vKWGeBe9PxeY45ttRiBmhFyyt/geBdDHBYNctMRTE3dC1U3ujzz3lap+hVXlEcVaB56kZP/eEUg==
