# THIS IS AN AUTOGENERATED FILE. DO NOT EDIT THIS FILE DIRECTLY.
# yarn lockfile v1


"@bbc/gel-foundations@^4.3.0":
  version "4.3.0"
  resolved "https://registry.yarnpkg.com/@bbc/gel-foundations/-/gel-foundations-4.3.0.tgz#093da9b309af554a349e73e0fd0de6ac609705ca"
  integrity sha512-KyEDfA8ibVK6ZKhBABa+RLEkCNq7ixHxmJyz4pQwA+cqsqyW2F49CCZ6dNsHJ65HCfHa2k55rzvwnQAP21IP2Q==

"@bbc/psammead-headings@^3.1.36":
  version "3.1.36"
  resolved "https://registry.yarnpkg.com/@bbc/psammead-headings/-/psammead-headings-3.1.36.tgz#3ef3a9108b17cac86565fd7fd5cdd5732f89babf"
  integrity sha512-DPnM5jS8s2lhkkRHBWAulrGMrcNcCMmo1KuUUopKVy2ivjdBXygGTpD0YxMgYs3wu9JynzCQtF4BkPFtef3UYw==
  dependencies:
    "@bbc/gel-foundations" "^4.3.0"
    "@bbc/psammead-styles" "^4.4.3"

"@bbc/psammead-styles@^4.4.3":
  version "4.4.3"
  resolved "https://registry.yarnpkg.com/@bbc/psammead-styles/-/psammead-styles-4.4.3.tgz#4f92d57f45a513be5c4e6507d323e8ee976005ca"
  integrity sha512-KxtxY3m03wcQIv4l75VdutPFAGySVocrvTiYX+TLeoB32ENU1Leke7stkkkEWj5CfVLdCHksCG/OAHX0239cUw==

"@juggle/resize-observer@^2.4.0":
  version "2.5.0"
  resolved "https://registry.yarnpkg.com/@juggle/resize-observer/-/resize-observer-2.5.0.tgz#dbe3ebfa7b46b465dc85677ca23b15e854225a99"
  integrity sha512-Nmkeaj5LalJeciRVEqi9Uxi61r0LvGc2yhUCykhXuft9fMyb/6VkZbwJ+UmUl8bk2k6qhwd1qJw6S2YJ0joXlA==

intersection-observer@^0.7.0:
  version "0.7.0"
  resolved "https://registry.yarnpkg.com/intersection-observer/-/intersection-observer-0.7.0.tgz#ee16bee978db53516ead2f0a8154b09b400bbdc9"
  integrity sha512-Id0Fij0HsB/vKWGeBe9PxeY45ttRiBmhFyyt/geBdDHBYNctMRTE3dC1U3ujzz3lap+hVXlEcVaB56kZP/eEUg==
