{
  "name": "@bbc/psammead-timestamp",
  "version": "2.2.21",
  "lockfileVersion": 1,
  "requires": true,
  "dependencies": {
    "@bbc/gel-foundations": {
      "version": "3.4.2",
      "resolved": "https://registry.npmjs.org/@bbc/gel-foundations/-/gel-foundations-3.4.2.tgz",
      "integrity": "sha512-U3lRM7ThrokMXR5CqpnfPEMMfSkhRiOFu18ohITwjeDa+RgRqXuRblVA5tHubEi15JZI9KGCpo5LYCWXhr1AYQ=="
    },
    "@bbc/psammead-styles": {
      "version": "4.1.2",
      "resolved": "https://registry.npmjs.org/@bbc/psammead-styles/-/psammead-styles-4.1.2.tgz",
      "integrity": "sha512-uTbY50dJueJnJbU/n7XArN4HzM4mtGaG82nWw1BAjuuaR0q9h5MLP3Rt4NsUslZiKl09yUnqp/dFySJNi9mWZQ=="
    }
  }
}
