# THIS IS AN AUTOGENERATED FILE. DO NOT EDIT THIS FILE DIRECTLY.
# yarn lockfile v1


"@bbc/gel-foundations@^6.1.2":
  version "6.1.2"
  resolved "https://registry.yarnpkg.com/@bbc/gel-foundations/-/gel-foundations-6.1.2.tgz#123d3300fb491d19ad9e7d8da41140c66d401e18"
  integrity sha512-xY8Zd7YGPUoZgf9pBTDApMqT8karak5SoOzpcWWmbKo0KNfrumnW3NIsTcI8utcN6TUGJn7gItouRpbzXWQPnA==

"@bbc/psammead-styles@^7.2.3":
  version "7.2.3"
  resolved "https://registry.yarnpkg.com/@bbc/psammead-styles/-/psammead-styles-7.2.3.tgz#a12eb4230796adc8d05158382d8b364b91c0f89e"
  integrity sha512-i+Ut6+ZguVsnUu8yitmrBwPDeZLOFpmMljYxdVlngjLyqBWAlEQLmXep+jxATqttIHUy9gRbuvPfsq7O3P9GNg==
