{
  "name": "@bbc/psammead-copyright",
  "version": "1.2.3",
  "lockfileVersion": 1,
  "requires": true,
  "dependencies": {
    "@bbc/gel-foundations": {
      "version": "3.3.3",
      "resolved": "https://registry.npmjs.org/@bbc/gel-foundations/-/gel-foundations-3.3.3.tgz",
      "integrity": "sha512-Xq/nrWE0W6s+Q+wBH3600p9K9cCYQAWKT3eLm8eH7+LQO9EgbqOHFrjw8Kd9paa57k3k/YHX1naBPrRMJANrOQ=="
    },
    "@bbc/psammead-styles": {
      "version": "2.1.1",
      "resolved": "https://registry.npmjs.org/@bbc/psammead-styles/-/psammead-styles-2.1.1.tgz",
      "integrity": "sha512-nnuMY7PxILxKaTIKcbKzTeQ+wpWRhB74+jb8c2Es802N41Tm88o/xlWMmtWFF1vic1MOvm1kWwlf/v8dh8RAzQ=="
    }
  }
}
