{
  "name": "@bbc/psammead-copyright",
  "version": "1.2.3",
  "lockfileVersion": 1,
  "requires": true,
  "dependencies": {
    "@bbc/gel-foundations": {
      "version": "3.3.2",
      "resolved": "https://registry.npmjs.org/@bbc/gel-foundations/-/gel-foundations-3.3.2.tgz",
      "integrity": "sha512-6/NBXwU7rrHyc1TWlrML89lRaDeU94PSUzYiIIoj7hAHD6qOlyL7hEiQI5zpVCooIaelqxLMcJuz7SsSaYZGBA=="
    },
    "@bbc/psammead-styles": {
      "version": "2.1.2",
      "resolved": "https://registry.npmjs.org/@bbc/psammead-styles/-/psammead-styles-2.1.2.tgz",
      "integrity": "sha512-DT1Z3in3J1At5ZhzUdKzW73ZA5pPZG9HXgExZ/y0hlSyO0vBtH5xYEsB3B4Cu32T9JbU6+07624MJ351OcwzEw=="
    }
  }
}
