{
  "name": "@bbc/psammead-copyright",
  "version": "0.3.1",
  "lockfileVersion": 1,
  "requires": true,
  "dependencies": {
    "@bbc/gel-foundations": {
      "version": "0.2.4",
      "dependencies": {
        "@bbc/psammead-test-helpers": {
          "bundled": true
        }
      }
    },
    "@bbc/psammead-styles": {
      "version": "0.3.2",
      "dependencies": {
        "@bbc/psammead-test-helpers": {
          "bundled": true
        }
      }
    },
    "@bbc/psammead-test-helpers": {
      "version": "0.3.3",
      "dev": true,
      "requires": {
        "jest-styled-components": "^6.3.1",
        "react-test-renderer": "^16.6.3"
      },
      "dependencies": {
        "atob": {
          "version": "2.1.2",
          "bundled": true,
          "dev": true
        },
        "css": {
          "version": "2.2.4",
          "bundled": true,
          "dev": true,
          "requires": {
            "inherits": "^2.0.3",
            "source-map": "^0.6.1",
            "source-map-resolve": "^0.5.2",
            "urix": "^0.1.0"
          }
        },
        "decode-uri-component": {
          "version": "0.2.0",
          "bundled": true,
          "dev": true
        },
        "inherits": {
          "version": "2.0.3",
          "bundled": true,
          "dev": true
        },
        "jest-styled-components": {
          "version": "6.3.1",
          "bundled": true,
          "dev": true,
          "requires": {
            "css": "^2.2.4"
          }
        },
        "js-tokens": {
          "version": "4.0.0",
          "bundled": true,
          "dev": true
        },
        "loose-envify": {
          "version": "1.4.0",
          "bundled": true,
          "dev": true,
          "requires": {
            "js-tokens": "^3.0.0 || ^4.0.0"
          }
        },
        "object-assign": {
          "version": "4.1.1",
          "bundled": true,
          "dev": true
        },
        "prop-types": {
          "version": "15.7.2",
          "bundled": true,
          "dev": true,
          "requires": {
            "loose-envify": "^1.4.0",
            "object-assign": "^4.1.1",
            "react-is": "^16.8.1"
          }
        },
        "react-is": {
          "version": "16.8.4",
          "bundled": true,
          "dev": true
        },
        "react-test-renderer": {
          "version": "16.8.4",
          "bundled": true,
          "dev": true,
          "requires": {
            "object-assign": "^4.1.1",
            "prop-types": "^15.6.2",
            "react-is": "^16.8.4",
            "scheduler": "^0.13.4"
          }
        },
        "resolve-url": {
          "version": "0.2.1",
          "bundled": true,
          "dev": true
        },
        "scheduler": {
          "version": "0.13.4",
          "bundled": true,
          "dev": true,
          "requires": {
            "loose-envify": "^1.1.0",
            "object-assign": "^4.1.1"
          }
        },
        "source-map": {
          "version": "0.6.1",
          "bundled": true,
          "dev": true
        },
        "source-map-resolve": {
          "version": "0.5.2",
          "bundled": true,
          "dev": true,
          "requires": {
            "atob": "^2.1.1",
            "decode-uri-component": "^0.2.0",
            "resolve-url": "^0.2.1",
            "source-map-url": "^0.4.0",
            "urix": "^0.1.0"
          }
        },
        "source-map-url": {
          "version": "0.4.0",
          "bundled": true,
          "dev": true
        },
        "urix": {
          "version": "0.1.0",
          "bundled": true,
          "dev": true
        }
      }
    },
    "@bbc/psammead-visually-hidden-text": {
      "version": "0.1.9",
      "dev": true,
      "requires": {
        "styled-components": "^4.1.2"
      },
      "dependencies": {
        "@babel/helper-annotate-as-pure": {
          "version": "7.0.0",
          "bundled": true,
          "dev": true,
          "requires": {
            "@babel/types": "^7.0.0"
          }
        },
        "@babel/helper-module-imports": {
          "version": "7.0.0",
          "bundled": true,
          "dev": true,
          "requires": {
            "@babel/types": "^7.0.0"
          }
        },
        "@babel/types": {
          "version": "7.3.4",
          "bundled": true,
          "dev": true,
          "requires": {
            "esutils": "^2.0.2",
            "lodash": "^4.17.11",
            "to-fast-properties": "^2.0.0"
          }
        },
        "@bbc/psammead-test-helpers": {
          "bundled": true
        },
        "@emotion/is-prop-valid": {
          "version": "0.7.3",
          "bundled": true,
          "dev": true,
          "requires": {
            "@emotion/memoize": "0.7.1"
          }
        },
        "@emotion/memoize": {
          "version": "0.7.1",
          "bundled": true,
          "dev": true
        },
        "@emotion/unitless": {
          "version": "0.7.3",
          "bundled": true,
          "dev": true
        },
        "babel-plugin-styled-components": {
          "version": "1.10.0",
          "bundled": true,
          "dev": true,
          "requires": {
            "@babel/helper-annotate-as-pure": "^7.0.0",
            "@babel/helper-module-imports": "^7.0.0",
            "babel-plugin-syntax-jsx": "^6.18.0",
            "lodash": "^4.17.10"
          }
        },
        "babel-plugin-syntax-jsx": {
          "version": "6.18.0",
          "bundled": true,
          "dev": true
        },
        "camelize": {
          "version": "1.0.0",
          "bundled": true,
          "dev": true
        },
        "css-color-keywords": {
          "version": "1.0.0",
          "bundled": true,
          "dev": true
        },
        "css-to-react-native": {
          "version": "2.3.0",
          "bundled": true,
          "dev": true,
          "requires": {
            "camelize": "^1.0.0",
            "css-color-keywords": "^1.0.0",
            "postcss-value-parser": "^3.3.0"
          }
        },
        "esutils": {
          "version": "2.0.2",
          "bundled": true,
          "dev": true
        },
        "has-flag": {
          "version": "3.0.0",
          "bundled": true,
          "dev": true
        },
        "js-tokens": {
          "version": "4.0.0",
          "bundled": true,
          "dev": true
        },
        "lodash": {
          "version": "4.17.11",
          "bundled": true,
          "dev": true
        },
        "loose-envify": {
          "version": "1.4.0",
          "bundled": true,
          "dev": true,
          "requires": {
            "js-tokens": "^3.0.0 || ^4.0.0"
          }
        },
        "memoize-one": {
          "version": "4.0.3",
          "bundled": true,
          "dev": true
        },
        "object-assign": {
          "version": "4.1.1",
          "bundled": true,
          "dev": true
        },
        "postcss-value-parser": {
          "version": "3.3.1",
          "bundled": true,
          "dev": true
        },
        "prop-types": {
          "version": "15.7.2",
          "bundled": true,
          "dev": true,
          "requires": {
            "loose-envify": "^1.4.0",
            "object-assign": "^4.1.1",
            "react-is": "^16.8.1"
          }
        },
        "react-is": {
          "version": "16.8.4",
          "bundled": true,
          "dev": true
        },
        "styled-components": {
          "version": "4.1.3",
          "bundled": true,
          "dev": true,
          "requires": {
            "@babel/helper-module-imports": "^7.0.0",
            "@emotion/is-prop-valid": "^0.7.3",
            "@emotion/unitless": "^0.7.0",
            "babel-plugin-styled-components": ">= 1",
            "css-to-react-native": "^2.2.2",
            "memoize-one": "^4.0.0",
            "prop-types": "^15.5.4",
            "react-is": "^16.6.0",
            "stylis": "^3.5.0",
            "stylis-rule-sheet": "^0.0.10",
            "supports-color": "^5.5.0"
          }
        },
        "stylis": {
          "version": "3.5.4",
          "bundled": true,
          "dev": true
        },
        "stylis-rule-sheet": {
          "version": "0.0.10",
          "bundled": true,
          "dev": true
        },
        "supports-color": {
          "version": "5.5.0",
          "bundled": true,
          "dev": true,
          "requires": {
            "has-flag": "^3.0.0"
          }
        },
        "to-fast-properties": {
          "version": "2.0.0",
          "bundled": true,
          "dev": true
        }
      }
    }
  }
}
