{
  "name": "@bbc/psammead-useful-links",
  "version": "1.0.27",
  "lockfileVersion": 1,
  "requires": true,
  "dependencies": {
    "@bbc/gel-foundations": {
      "version": "4.3.0",
      "resolved": "https://registry.npmjs.org/@bbc/gel-foundations/-/gel-foundations-4.3.0.tgz",
      "integrity": "sha512-KyEDfA8ibVK6ZKhBABa+RLEkCNq7ixHxmJyz4pQwA+cqsqyW2F49CCZ6dNsHJ65HCfHa2k55rzvwnQAP21IP2Q=="
    },
    "@bbc/psammead-styles": {
      "version": "5.0.0",
      "resolved": "https://registry.npmjs.org/@bbc/psammead-styles/-/psammead-styles-5.0.0.tgz",
      "integrity": "sha512-zXYOcMgn4jiblmi9nr5YNS3WuPptY6KrpIdHdlUOrqGIguQT2JXB12RsqxVbJcjy3FDn7K4EKJk+NmUdDcru9g=="
    }
  }
}
