{
  "name": "@bbc/psammead-locales",
  "version": "1.3.2",
  "lockfileVersion": 1,
  "requires": true,
  "dependencies": {
    "jalaali-js": {
      "version": "1.0.0",
      "resolved": "https://registry.npmjs.org/jalaali-js/-/jalaali-js-1.0.0.tgz",
      "integrity": "sha1-qZDnydIoywG4R+ABX/azvDHaRpM="
    }
  }
}
