{
  "name": "@bbc/psammead-locales",
  "version": "4.1.9",
  "lockfileVersion": 1,
  "requires": true,
  "dependencies": {
    "jalaali-js": {
      "version": "1.1.0",
      "resolved": "https://registry.npmjs.org/jalaali-js/-/jalaali-js-1.1.0.tgz",
      "integrity": "sha512-eznOFGRtHb0ttHkHf8pVYPVfKJdbOqutTwcQYACbv91Q2NiYgnM5Z6+NN/8FMAhuMDAXAmeAG9+UBzqVKdA4cg=="
    },
    "moment": {
      "version": "2.24.0",
      "resolved": "https://registry.npmjs.org/moment/-/moment-2.24.0.tgz",
      "integrity": "sha512-bV7f+6l2QigeBBZSM/6yTNq4P2fNpSWj/0e7jQcy87A8e7o2nAfP/34/2ky5Vw4B9S446EtIhodAzkFCcR4dQg=="
    }
  }
}
