{
  "name": "@bbc/psammead-locales",
  "version": "1.2.0",
  "lockfileVersion": 1,
  "requires": true,
  "dependencies": {
    "@bbc/gel-foundations": {
      "version": "3.1.0",
      "resolved": "https://registry.npmjs.org/@bbc/gel-foundations/-/gel-foundations-3.1.0.tgz",
      "integrity": "sha512-akyOCP4wdn18By7HHz8ostOUJadbZXF8wfFQIJyoXiALU7rdKCH3yLHVsas4LYjYxc1lhmN8hUeVSGHmR7Lnqg==",
      "dev": true
    },
    "@bbc/psammead-styles": {
      "version": "2.0.0",
      "resolved": "https://registry.npmjs.org/@bbc/psammead-styles/-/psammead-styles-2.0.0.tgz",
      "integrity": "sha512-Z0NshYc4UbHBc8AMKHH6UzGfXVtVn3evzglcul8lnNb+BkqMtQQ8auQGr5ITqFPYJ75DyDY1G03/fOwU13lz1A==",
      "dev": true
    },
    "moment": {
      "version": "2.24.0",
      "resolved": "https://registry.npmjs.org/moment/-/moment-2.24.0.tgz",
      "integrity": "sha512-bV7f+6l2QigeBBZSM/6yTNq4P2fNpSWj/0e7jQcy87A8e7o2nAfP/34/2ky5Vw4B9S446EtIhodAzkFCcR4dQg==",
      "dev": true
    }
  }
}
